
Microsoft Visual Studio Solution File, Format Version 12.00
# Visual Studio Version 17
VisualStudioVersion = 17.5.002.0
MinimumVisualStudioVersion = 10.0.40219.1
Project("{9A19103F-16F7-4668-BE54-9A1E7A4F7556}") = "Wino.Mail", "Wino.Mail.csproj", "{0B5C02DC-6B11-437C-9C46-EAB6430C3155}"
EndProject
Global
	GlobalSection(SolutionConfigurationPlatforms) = preSolution
		Debug|Any CPU = Debug|Any CPU
		Release|Any CPU = Release|Any CPU
	EndGlobalSection
	GlobalSection(ProjectConfigurationPlatforms) = postSolution
		{0B5C02DC-6B11-437C-9C46-EAB6430C3155}.Debug|Any CPU.ActiveCfg = Debug|Any CPU
		{0B5C02DC-6B11-437C-9C46-EAB6430C3155}.Debug|Any CPU.Build.0 = Debug|Any CPU
		{0B5C02DC-6B11-437C-9C46-EAB6430C3155}.Release|Any CPU.ActiveCfg = Release|Any CPU
		{0B5C02DC-6B11-437C-9C46-EAB6430C3155}.Release|Any CPU.Build.0 = Release|Any CPU
	EndGlobalSection
	GlobalSection(SolutionProperties) = preSolution
		HideSolutionNode = FALSE
	EndGlobalSection
	GlobalSection(ExtensibilityGlobals) = postSolution
		SolutionGuid = {0254B19E-9B52-4594-9F8A-8616BE750243}
	EndGlobalSection
EndGlobal
