
Microsoft Visual Studio Solution File, Format Version 12.00
# Visual Studio Version 17
VisualStudioVersion = 17.11.35111.106
MinimumVisualStudioVersion = 10.0.40219.1
Project("{2150E333-8FDC-42A3-9474-1A3956D46DE8}") = "lib", "lib", "{A30F530C-B42B-4C80-B709-775FC1617380}"
EndProject
Project("{9A19103F-16F7-4668-BE54-9A1E7A4F7556}") = "Wino.Domain", "Wino.Core.Domain\Wino.Domain.csproj", "{A6A3574C-E120-4387-BF56-EE20C29CE5AB}"
EndProject
Project("{9A19103F-16F7-4668-BE54-9A1E7A4F7556}") = "Wino.Mail.ViewModels", "Wino.Mail.ViewModels\Wino.Mail.ViewModels.csproj", "{366AAC9F-04AE-4B26-8636-429FE3D90CA5}"
EndProject
Project("{9A19103F-16F7-4668-BE54-9A1E7A4F7556}") = "Wino.Mail", "Wino.Mail\Wino.Mail.csproj", "{6D49DBE1-BEDF-4AAE-BE7C-2CC4D7DBF002}"
EndProject
Project("{C7167F0D-BC9F-4E6E-AFE1-012C56B48DB5}") = "Wino.Packaging", "Wino.Packaging\Wino.Packaging.wapproj", "{FD8CEA2F-7741-426A-934F-4A20465A79F6}"
EndProject
Project("{9A19103F-16F7-4668-BE54-9A1E7A4F7556}") = "Wino.Server", "Wino.Server.WPF\Wino.Server.csproj", "{A373BC05-C3A7-456E-A84C-366641E96B6A}"
EndProject
Project("{9A19103F-16F7-4668-BE54-9A1E7A4F7556}") = "Wino.Services", "Wino.Services\Wino.Services.csproj", "{41432043-7BB6-4A02-B3A6-CE306CCE83D1}"
EndProject
Project("{9A19103F-16F7-4668-BE54-9A1E7A4F7556}") = "Wino.Messaging", "Wino.Messaging\Wino.Messaging.csproj", "{0CA1DE1A-EDA9-4CE2-8BB4-66DF23F11CCF}"
EndProject
Project("{9A19103F-16F7-4668-BE54-9A1E7A4F7556}") = "Wino.Shared.WinRT", "Wino.Shared.WinRT\Wino.Shared.WinRT.csproj", "{BA81E073-5598-4C66-AEEA-8CA1329225F3}"
EndProject
Project("{9A19103F-16F7-4668-BE54-9A1E7A4F7556}") = "Wino.Synchronization", "Wino.Synchronization\Wino.Synchronization.csproj", "{91319DF0-8633-4BF9-AD48-D1C2C03A7929}"
EndProject
Global
	GlobalSection(SolutionConfigurationPlatforms) = preSolution
		Debug|Any CPU = Debug|Any CPU
		Debug|ARM = Debug|ARM
		Debug|ARM64 = Debug|ARM64
		Debug|x64 = Debug|x64
		Debug|x86 = Debug|x86
		Release|Any CPU = Release|Any CPU
		Release|ARM = Release|ARM
		Release|ARM64 = Release|ARM64
		Release|x64 = Release|x64
		Release|x86 = Release|x86
	EndGlobalSection
	GlobalSection(ProjectConfigurationPlatforms) = postSolution
		{A6A3574C-E120-4387-BF56-EE20C29CE5AB}.Debug|Any CPU.ActiveCfg = Debug|Any CPU
		{A6A3574C-E120-4387-BF56-EE20C29CE5AB}.Debug|Any CPU.Build.0 = Debug|Any CPU
		{A6A3574C-E120-4387-BF56-EE20C29CE5AB}.Debug|ARM.ActiveCfg = Debug|Any CPU
		{A6A3574C-E120-4387-BF56-EE20C29CE5AB}.Debug|ARM.Build.0 = Debug|Any CPU
		{A6A3574C-E120-4387-BF56-EE20C29CE5AB}.Debug|ARM64.ActiveCfg = Debug|Any CPU
		{A6A3574C-E120-4387-BF56-EE20C29CE5AB}.Debug|ARM64.Build.0 = Debug|Any CPU
		{A6A3574C-E120-4387-BF56-EE20C29CE5AB}.Debug|x64.ActiveCfg = Debug|Any CPU
		{A6A3574C-E120-4387-BF56-EE20C29CE5AB}.Debug|x64.Build.0 = Debug|Any CPU
		{A6A3574C-E120-4387-BF56-EE20C29CE5AB}.Debug|x86.ActiveCfg = Debug|Any CPU
		{A6A3574C-E120-4387-BF56-EE20C29CE5AB}.Debug|x86.Build.0 = Debug|Any CPU
		{A6A3574C-E120-4387-BF56-EE20C29CE5AB}.Release|Any CPU.ActiveCfg = Release|Any CPU
		{A6A3574C-E120-4387-BF56-EE20C29CE5AB}.Release|Any CPU.Build.0 = Release|Any CPU
		{A6A3574C-E120-4387-BF56-EE20C29CE5AB}.Release|ARM.ActiveCfg = Release|Any CPU
		{A6A3574C-E120-4387-BF56-EE20C29CE5AB}.Release|ARM.Build.0 = Release|Any CPU
		{A6A3574C-E120-4387-BF56-EE20C29CE5AB}.Release|ARM64.ActiveCfg = Release|Any CPU
		{A6A3574C-E120-4387-BF56-EE20C29CE5AB}.Release|ARM64.Build.0 = Release|Any CPU
		{A6A3574C-E120-4387-BF56-EE20C29CE5AB}.Release|x64.ActiveCfg = Release|Any CPU
		{A6A3574C-E120-4387-BF56-EE20C29CE5AB}.Release|x64.Build.0 = Release|Any CPU
		{A6A3574C-E120-4387-BF56-EE20C29CE5AB}.Release|x86.ActiveCfg = Release|Any CPU
		{A6A3574C-E120-4387-BF56-EE20C29CE5AB}.Release|x86.Build.0 = Release|Any CPU
		{366AAC9F-04AE-4B26-8636-429FE3D90CA5}.Debug|Any CPU.ActiveCfg = Debug|Any CPU
		{366AAC9F-04AE-4B26-8636-429FE3D90CA5}.Debug|Any CPU.Build.0 = Debug|Any CPU
		{366AAC9F-04AE-4B26-8636-429FE3D90CA5}.Debug|ARM.ActiveCfg = Debug|Any CPU
		{366AAC9F-04AE-4B26-8636-429FE3D90CA5}.Debug|ARM.Build.0 = Debug|Any CPU
		{366AAC9F-04AE-4B26-8636-429FE3D90CA5}.Debug|ARM64.ActiveCfg = Debug|Any CPU
		{366AAC9F-04AE-4B26-8636-429FE3D90CA5}.Debug|ARM64.Build.0 = Debug|Any CPU
		{366AAC9F-04AE-4B26-8636-429FE3D90CA5}.Debug|x64.ActiveCfg = Debug|Any CPU
		{366AAC9F-04AE-4B26-8636-429FE3D90CA5}.Debug|x64.Build.0 = Debug|Any CPU
		{366AAC9F-04AE-4B26-8636-429FE3D90CA5}.Debug|x86.ActiveCfg = Debug|Any CPU
		{366AAC9F-04AE-4B26-8636-429FE3D90CA5}.Debug|x86.Build.0 = Debug|Any CPU
		{366AAC9F-04AE-4B26-8636-429FE3D90CA5}.Release|Any CPU.ActiveCfg = Release|Any CPU
		{366AAC9F-04AE-4B26-8636-429FE3D90CA5}.Release|Any CPU.Build.0 = Release|Any CPU
		{366AAC9F-04AE-4B26-8636-429FE3D90CA5}.Release|ARM.ActiveCfg = Release|Any CPU
		{366AAC9F-04AE-4B26-8636-429FE3D90CA5}.Release|ARM.Build.0 = Release|Any CPU
		{366AAC9F-04AE-4B26-8636-429FE3D90CA5}.Release|ARM64.ActiveCfg = Release|Any CPU
		{366AAC9F-04AE-4B26-8636-429FE3D90CA5}.Release|ARM64.Build.0 = Release|Any CPU
		{366AAC9F-04AE-4B26-8636-429FE3D90CA5}.Release|x64.ActiveCfg = Release|Any CPU
		{366AAC9F-04AE-4B26-8636-429FE3D90CA5}.Release|x64.Build.0 = Release|Any CPU
		{366AAC9F-04AE-4B26-8636-429FE3D90CA5}.Release|x86.ActiveCfg = Release|Any CPU
		{366AAC9F-04AE-4B26-8636-429FE3D90CA5}.Release|x86.Build.0 = Release|Any CPU
		{6D49DBE1-BEDF-4AAE-BE7C-2CC4D7DBF002}.Debug|Any CPU.ActiveCfg = Debug|x64
		{6D49DBE1-BEDF-4AAE-BE7C-2CC4D7DBF002}.Debug|Any CPU.Build.0 = Debug|x64
		{6D49DBE1-BEDF-4AAE-BE7C-2CC4D7DBF002}.Debug|ARM.ActiveCfg = Debug|x64
		{6D49DBE1-BEDF-4AAE-BE7C-2CC4D7DBF002}.Debug|ARM.Build.0 = Debug|x64
		{6D49DBE1-BEDF-4AAE-BE7C-2CC4D7DBF002}.Debug|ARM64.ActiveCfg = Debug|ARM64
		{6D49DBE1-BEDF-4AAE-BE7C-2CC4D7DBF002}.Debug|ARM64.Build.0 = Debug|ARM64
		{6D49DBE1-BEDF-4AAE-BE7C-2CC4D7DBF002}.Debug|x64.ActiveCfg = Debug|x64
		{6D49DBE1-BEDF-4AAE-BE7C-2CC4D7DBF002}.Debug|x64.Build.0 = Debug|x64
		{6D49DBE1-BEDF-4AAE-BE7C-2CC4D7DBF002}.Debug|x86.ActiveCfg = Debug|x86
		{6D49DBE1-BEDF-4AAE-BE7C-2CC4D7DBF002}.Debug|x86.Build.0 = Debug|x86
		{6D49DBE1-BEDF-4AAE-BE7C-2CC4D7DBF002}.Release|Any CPU.ActiveCfg = Release|x64
		{6D49DBE1-BEDF-4AAE-BE7C-2CC4D7DBF002}.Release|Any CPU.Build.0 = Release|x64
		{6D49DBE1-BEDF-4AAE-BE7C-2CC4D7DBF002}.Release|ARM.ActiveCfg = Release|x64
		{6D49DBE1-BEDF-4AAE-BE7C-2CC4D7DBF002}.Release|ARM.Build.0 = Release|x64
		{6D49DBE1-BEDF-4AAE-BE7C-2CC4D7DBF002}.Release|ARM64.ActiveCfg = Release|ARM64
		{6D49DBE1-BEDF-4AAE-BE7C-2CC4D7DBF002}.Release|ARM64.Build.0 = Release|ARM64
		{6D49DBE1-BEDF-4AAE-BE7C-2CC4D7DBF002}.Release|x64.ActiveCfg = Release|x64
		{6D49DBE1-BEDF-4AAE-BE7C-2CC4D7DBF002}.Release|x64.Build.0 = Release|x64
		{6D49DBE1-BEDF-4AAE-BE7C-2CC4D7DBF002}.Release|x86.ActiveCfg = Release|x86
		{6D49DBE1-BEDF-4AAE-BE7C-2CC4D7DBF002}.Release|x86.Build.0 = Release|x86
		{FD8CEA2F-7741-426A-934F-4A20465A79F6}.Debug|Any CPU.ActiveCfg = Debug|Any CPU
		{FD8CEA2F-7741-426A-934F-4A20465A79F6}.Debug|Any CPU.Build.0 = Debug|Any CPU
		{FD8CEA2F-7741-426A-934F-4A20465A79F6}.Debug|Any CPU.Deploy.0 = Debug|Any CPU
		{FD8CEA2F-7741-426A-934F-4A20465A79F6}.Debug|ARM.ActiveCfg = Debug|ARM
		{FD8CEA2F-7741-426A-934F-4A20465A79F6}.Debug|ARM.Build.0 = Debug|ARM
		{FD8CEA2F-7741-426A-934F-4A20465A79F6}.Debug|ARM.Deploy.0 = Debug|ARM
		{FD8CEA2F-7741-426A-934F-4A20465A79F6}.Debug|ARM64.ActiveCfg = Debug|ARM64
		{FD8CEA2F-7741-426A-934F-4A20465A79F6}.Debug|ARM64.Build.0 = Debug|ARM64
		{FD8CEA2F-7741-426A-934F-4A20465A79F6}.Debug|ARM64.Deploy.0 = Debug|ARM64
		{FD8CEA2F-7741-426A-934F-4A20465A79F6}.Debug|x64.ActiveCfg = Debug|x64
		{FD8CEA2F-7741-426A-934F-4A20465A79F6}.Debug|x64.Build.0 = Debug|x64
		{FD8CEA2F-7741-426A-934F-4A20465A79F6}.Debug|x64.Deploy.0 = Debug|x64
		{FD8CEA2F-7741-426A-934F-4A20465A79F6}.Debug|x86.ActiveCfg = Debug|x86
		{FD8CEA2F-7741-426A-934F-4A20465A79F6}.Debug|x86.Build.0 = Debug|x86
		{FD8CEA2F-7741-426A-934F-4A20465A79F6}.Debug|x86.Deploy.0 = Debug|x86
		{FD8CEA2F-7741-426A-934F-4A20465A79F6}.Release|Any CPU.ActiveCfg = Release|Any CPU
		{FD8CEA2F-7741-426A-934F-4A20465A79F6}.Release|Any CPU.Build.0 = Release|Any CPU
		{FD8CEA2F-7741-426A-934F-4A20465A79F6}.Release|Any CPU.Deploy.0 = Release|Any CPU
		{FD8CEA2F-7741-426A-934F-4A20465A79F6}.Release|ARM.ActiveCfg = Release|ARM
		{FD8CEA2F-7741-426A-934F-4A20465A79F6}.Release|ARM.Build.0 = Release|ARM
		{FD8CEA2F-7741-426A-934F-4A20465A79F6}.Release|ARM.Deploy.0 = Release|ARM
		{FD8CEA2F-7741-426A-934F-4A20465A79F6}.Release|ARM64.ActiveCfg = Release|ARM64
		{FD8CEA2F-7741-426A-934F-4A20465A79F6}.Release|ARM64.Build.0 = Release|ARM64
		{FD8CEA2F-7741-426A-934F-4A20465A79F6}.Release|ARM64.Deploy.0 = Release|ARM64
		{FD8CEA2F-7741-426A-934F-4A20465A79F6}.Release|x64.ActiveCfg = Release|x64
		{FD8CEA2F-7741-426A-934F-4A20465A79F6}.Release|x64.Build.0 = Release|x64
		{FD8CEA2F-7741-426A-934F-4A20465A79F6}.Release|x64.Deploy.0 = Release|x64
		{FD8CEA2F-7741-426A-934F-4A20465A79F6}.Release|x86.ActiveCfg = Release|x86
		{FD8CEA2F-7741-426A-934F-4A20465A79F6}.Release|x86.Build.0 = Release|x86
		{FD8CEA2F-7741-426A-934F-4A20465A79F6}.Release|x86.Deploy.0 = Release|x86
		{A373BC05-C3A7-456E-A84C-366641E96B6A}.Debug|Any CPU.ActiveCfg = Debug|Any CPU
		{A373BC05-C3A7-456E-A84C-366641E96B6A}.Debug|Any CPU.Build.0 = Debug|Any CPU
		{A373BC05-C3A7-456E-A84C-366641E96B6A}.Debug|ARM.ActiveCfg = Debug|Any CPU
		{A373BC05-C3A7-456E-A84C-366641E96B6A}.Debug|ARM.Build.0 = Debug|Any CPU
		{A373BC05-C3A7-456E-A84C-366641E96B6A}.Debug|ARM64.ActiveCfg = Debug|Any CPU
		{A373BC05-C3A7-456E-A84C-366641E96B6A}.Debug|ARM64.Build.0 = Debug|Any CPU
		{A373BC05-C3A7-456E-A84C-366641E96B6A}.Debug|x64.ActiveCfg = Debug|Any CPU
		{A373BC05-C3A7-456E-A84C-366641E96B6A}.Debug|x64.Build.0 = Debug|Any CPU
		{A373BC05-C3A7-456E-A84C-366641E96B6A}.Debug|x86.ActiveCfg = Debug|Any CPU
		{A373BC05-C3A7-456E-A84C-366641E96B6A}.Debug|x86.Build.0 = Debug|Any CPU
		{A373BC05-C3A7-456E-A84C-366641E96B6A}.Release|Any CPU.ActiveCfg = Release|Any CPU
		{A373BC05-C3A7-456E-A84C-366641E96B6A}.Release|Any CPU.Build.0 = Release|Any CPU
		{A373BC05-C3A7-456E-A84C-366641E96B6A}.Release|ARM.ActiveCfg = Release|Any CPU
		{A373BC05-C3A7-456E-A84C-366641E96B6A}.Release|ARM.Build.0 = Release|Any CPU
		{A373BC05-C3A7-456E-A84C-366641E96B6A}.Release|ARM64.ActiveCfg = Release|Any CPU
		{A373BC05-C3A7-456E-A84C-366641E96B6A}.Release|ARM64.Build.0 = Release|Any CPU
		{A373BC05-C3A7-456E-A84C-366641E96B6A}.Release|x64.ActiveCfg = Release|Any CPU
		{A373BC05-C3A7-456E-A84C-366641E96B6A}.Release|x64.Build.0 = Release|Any CPU
		{A373BC05-C3A7-456E-A84C-366641E96B6A}.Release|x86.ActiveCfg = Release|Any CPU
		{A373BC05-C3A7-456E-A84C-366641E96B6A}.Release|x86.Build.0 = Release|Any CPU
		{41432043-7BB6-4A02-B3A6-CE306CCE83D1}.Debug|Any CPU.ActiveCfg = Debug|Any CPU
		{41432043-7BB6-4A02-B3A6-CE306CCE83D1}.Debug|Any CPU.Build.0 = Debug|Any CPU
		{41432043-7BB6-4A02-B3A6-CE306CCE83D1}.Debug|ARM.ActiveCfg = Debug|Any CPU
		{41432043-7BB6-4A02-B3A6-CE306CCE83D1}.Debug|ARM.Build.0 = Debug|Any CPU
		{41432043-7BB6-4A02-B3A6-CE306CCE83D1}.Debug|ARM64.ActiveCfg = Debug|Any CPU
		{41432043-7BB6-4A02-B3A6-CE306CCE83D1}.Debug|ARM64.Build.0 = Debug|Any CPU
		{41432043-7BB6-4A02-B3A6-CE306CCE83D1}.Debug|x64.ActiveCfg = Debug|Any CPU
		{41432043-7BB6-4A02-B3A6-CE306CCE83D1}.Debug|x64.Build.0 = Debug|Any CPU
		{41432043-7BB6-4A02-B3A6-CE306CCE83D1}.Debug|x86.ActiveCfg = Debug|Any CPU
		{41432043-7BB6-4A02-B3A6-CE306CCE83D1}.Debug|x86.Build.0 = Debug|Any CPU
		{41432043-7BB6-4A02-B3A6-CE306CCE83D1}.Release|Any CPU.ActiveCfg = Release|Any CPU
		{41432043-7BB6-4A02-B3A6-CE306CCE83D1}.Release|Any CPU.Build.0 = Release|Any CPU
		{41432043-7BB6-4A02-B3A6-CE306CCE83D1}.Release|ARM.ActiveCfg = Release|Any CPU
		{41432043-7BB6-4A02-B3A6-CE306CCE83D1}.Release|ARM.Build.0 = Release|Any CPU
		{41432043-7BB6-4A02-B3A6-CE306CCE83D1}.Release|ARM64.ActiveCfg = Release|Any CPU
		{41432043-7BB6-4A02-B3A6-CE306CCE83D1}.Release|ARM64.Build.0 = Release|Any CPU
		{41432043-7BB6-4A02-B3A6-CE306CCE83D1}.Release|x64.ActiveCfg = Release|Any CPU
		{41432043-7BB6-4A02-B3A6-CE306CCE83D1}.Release|x64.Build.0 = Release|Any CPU
		{41432043-7BB6-4A02-B3A6-CE306CCE83D1}.Release|x86.ActiveCfg = Release|Any CPU
		{41432043-7BB6-4A02-B3A6-CE306CCE83D1}.Release|x86.Build.0 = Release|Any CPU
		{0CA1DE1A-EDA9-4CE2-8BB4-66DF23F11CCF}.Debug|Any CPU.ActiveCfg = Debug|Any CPU
		{0CA1DE1A-EDA9-4CE2-8BB4-66DF23F11CCF}.Debug|Any CPU.Build.0 = Debug|Any CPU
		{0CA1DE1A-EDA9-4CE2-8BB4-66DF23F11CCF}.Debug|ARM.ActiveCfg = Debug|Any CPU
		{0CA1DE1A-EDA9-4CE2-8BB4-66DF23F11CCF}.Debug|ARM.Build.0 = Debug|Any CPU
		{0CA1DE1A-EDA9-4CE2-8BB4-66DF23F11CCF}.Debug|ARM64.ActiveCfg = Debug|Any CPU
		{0CA1DE1A-EDA9-4CE2-8BB4-66DF23F11CCF}.Debug|ARM64.Build.0 = Debug|Any CPU
		{0CA1DE1A-EDA9-4CE2-8BB4-66DF23F11CCF}.Debug|x64.ActiveCfg = Debug|Any CPU
		{0CA1DE1A-EDA9-4CE2-8BB4-66DF23F11CCF}.Debug|x64.Build.0 = Debug|Any CPU
		{0CA1DE1A-EDA9-4CE2-8BB4-66DF23F11CCF}.Debug|x86.ActiveCfg = Debug|Any CPU
		{0CA1DE1A-EDA9-4CE2-8BB4-66DF23F11CCF}.Debug|x86.Build.0 = Debug|Any CPU
		{0CA1DE1A-EDA9-4CE2-8BB4-66DF23F11CCF}.Release|Any CPU.ActiveCfg = Release|Any CPU
		{0CA1DE1A-EDA9-4CE2-8BB4-66DF23F11CCF}.Release|Any CPU.Build.0 = Release|Any CPU
		{0CA1DE1A-EDA9-4CE2-8BB4-66DF23F11CCF}.Release|ARM.ActiveCfg = Release|Any CPU
		{0CA1DE1A-EDA9-4CE2-8BB4-66DF23F11CCF}.Release|ARM.Build.0 = Release|Any CPU
		{0CA1DE1A-EDA9-4CE2-8BB4-66DF23F11CCF}.Release|ARM64.ActiveCfg = Release|Any CPU
		{0CA1DE1A-EDA9-4CE2-8BB4-66DF23F11CCF}.Release|ARM64.Build.0 = Release|Any CPU
		{0CA1DE1A-EDA9-4CE2-8BB4-66DF23F11CCF}.Release|x64.ActiveCfg = Release|Any CPU
		{0CA1DE1A-EDA9-4CE2-8BB4-66DF23F11CCF}.Release|x64.Build.0 = Release|Any CPU
		{0CA1DE1A-EDA9-4CE2-8BB4-66DF23F11CCF}.Release|x86.ActiveCfg = Release|Any CPU
		{0CA1DE1A-EDA9-4CE2-8BB4-66DF23F11CCF}.Release|x86.Build.0 = Release|Any CPU
		{BA81E073-5598-4C66-AEEA-8CA1329225F3}.Debug|Any CPU.ActiveCfg = Debug|Any CPU
		{BA81E073-5598-4C66-AEEA-8CA1329225F3}.Debug|Any CPU.Build.0 = Debug|Any CPU
		{BA81E073-5598-4C66-AEEA-8CA1329225F3}.Debug|ARM.ActiveCfg = Debug|Any CPU
		{BA81E073-5598-4C66-AEEA-8CA1329225F3}.Debug|ARM.Build.0 = Debug|Any CPU
		{BA81E073-5598-4C66-AEEA-8CA1329225F3}.Debug|ARM64.ActiveCfg = Debug|Any CPU
		{BA81E073-5598-4C66-AEEA-8CA1329225F3}.Debug|ARM64.Build.0 = Debug|Any CPU
		{BA81E073-5598-4C66-AEEA-8CA1329225F3}.Debug|x64.ActiveCfg = Debug|Any CPU
		{BA81E073-5598-4C66-AEEA-8CA1329225F3}.Debug|x64.Build.0 = Debug|Any CPU
		{BA81E073-5598-4C66-AEEA-8CA1329225F3}.Debug|x86.ActiveCfg = Debug|Any CPU
		{BA81E073-5598-4C66-AEEA-8CA1329225F3}.Debug|x86.Build.0 = Debug|Any CPU
		{BA81E073-5598-4C66-AEEA-8CA1329225F3}.Release|Any CPU.ActiveCfg = Release|Any CPU
		{BA81E073-5598-4C66-AEEA-8CA1329225F3}.Release|Any CPU.Build.0 = Release|Any CPU
		{BA81E073-5598-4C66-AEEA-8CA1329225F3}.Release|ARM.ActiveCfg = Release|Any CPU
		{BA81E073-5598-4C66-AEEA-8CA1329225F3}.Release|ARM.Build.0 = Release|Any CPU
		{BA81E073-5598-4C66-AEEA-8CA1329225F3}.Release|ARM64.ActiveCfg = Release|Any CPU
		{BA81E073-5598-4C66-AEEA-8CA1329225F3}.Release|ARM64.Build.0 = Release|Any CPU
		{BA81E073-5598-4C66-AEEA-8CA1329225F3}.Release|x64.ActiveCfg = Release|Any CPU
		{BA81E073-5598-4C66-AEEA-8CA1329225F3}.Release|x64.Build.0 = Release|Any CPU
		{BA81E073-5598-4C66-AEEA-8CA1329225F3}.Release|x86.ActiveCfg = Release|Any CPU
		{BA81E073-5598-4C66-AEEA-8CA1329225F3}.Release|x86.Build.0 = Release|Any CPU
		{91319DF0-8633-4BF9-AD48-D1C2C03A7929}.Debug|Any CPU.ActiveCfg = Debug|Any CPU
		{91319DF0-8633-4BF9-AD48-D1C2C03A7929}.Debug|Any CPU.Build.0 = Debug|Any CPU
		{91319DF0-8633-4BF9-AD48-D1C2C03A7929}.Debug|ARM.ActiveCfg = Debug|Any CPU
		{91319DF0-8633-4BF9-AD48-D1C2C03A7929}.Debug|ARM.Build.0 = Debug|Any CPU
		{91319DF0-8633-4BF9-AD48-D1C2C03A7929}.Debug|ARM64.ActiveCfg = Debug|Any CPU
		{91319DF0-8633-4BF9-AD48-D1C2C03A7929}.Debug|ARM64.Build.0 = Debug|Any CPU
		{91319DF0-8633-4BF9-AD48-D1C2C03A7929}.Debug|x64.ActiveCfg = Debug|Any CPU
		{91319DF0-8633-4BF9-AD48-D1C2C03A7929}.Debug|x64.Build.0 = Debug|Any CPU
		{91319DF0-8633-4BF9-AD48-D1C2C03A7929}.Debug|x86.ActiveCfg = Debug|Any CPU
		{91319DF0-8633-4BF9-AD48-D1C2C03A7929}.Debug|x86.Build.0 = Debug|Any CPU
		{91319DF0-8633-4BF9-AD48-D1C2C03A7929}.Release|Any CPU.ActiveCfg = Release|Any CPU
		{91319DF0-8633-4BF9-AD48-D1C2C03A7929}.Release|Any CPU.Build.0 = Release|Any CPU
		{91319DF0-8633-4BF9-AD48-D1C2C03A7929}.Release|ARM.ActiveCfg = Release|Any CPU
		{91319DF0-8633-4BF9-AD48-D1C2C03A7929}.Release|ARM.Build.0 = Release|Any CPU
		{91319DF0-8633-4BF9-AD48-D1C2C03A7929}.Release|ARM64.ActiveCfg = Release|Any CPU
		{91319DF0-8633-4BF9-AD48-D1C2C03A7929}.Release|ARM64.Build.0 = Release|Any CPU
		{91319DF0-8633-4BF9-AD48-D1C2C03A7929}.Release|x64.ActiveCfg = Release|Any CPU
		{91319DF0-8633-4BF9-AD48-D1C2C03A7929}.Release|x64.Build.0 = Release|Any CPU
		{91319DF0-8633-4BF9-AD48-D1C2C03A7929}.Release|x86.ActiveCfg = Release|Any CPU
		{91319DF0-8633-4BF9-AD48-D1C2C03A7929}.Release|x86.Build.0 = Release|Any CPU
	EndGlobalSection
	GlobalSection(SolutionProperties) = preSolution
		HideSolutionNode = FALSE
	EndGlobalSection
	GlobalSection(NestedProjects) = preSolution
		{A6A3574C-E120-4387-BF56-EE20C29CE5AB} = {A30F530C-B42B-4C80-B709-775FC1617380}
		{366AAC9F-04AE-4B26-8636-429FE3D90CA5} = {A30F530C-B42B-4C80-B709-775FC1617380}
		{41432043-7BB6-4A02-B3A6-CE306CCE83D1} = {A30F530C-B42B-4C80-B709-775FC1617380}
		{0CA1DE1A-EDA9-4CE2-8BB4-66DF23F11CCF} = {A30F530C-B42B-4C80-B709-775FC1617380}
		{BA81E073-5598-4C66-AEEA-8CA1329225F3} = {A30F530C-B42B-4C80-B709-775FC1617380}
		{91319DF0-8633-4BF9-AD48-D1C2C03A7929} = {A30F530C-B42B-4C80-B709-775FC1617380}
	EndGlobalSection
	GlobalSection(ExtensibilityGlobals) = postSolution
		SolutionGuid = {4DA93409-EDF8-4E9B-86C6-4776AA552F2C}
	EndGlobalSection
EndGlobal
