
Microsoft Visual Studio Solution File, Format Version 12.00
# Visual Studio Version 17
VisualStudioVersion = 17.11.35017.193
MinimumVisualStudioVersion = 10.0.40219.1
Project("{9A19103F-16F7-4668-BE54-9A1E7A4F7556}") = "Wino.Core.Domain.NET8", "Wino.Core.Domain\Wino.Core.Domain.NET8.csproj", "{8E9C0D99-1895-45C1-AC84-9065B91DB1AD}"
EndProject
Project("{9A19103F-16F7-4668-BE54-9A1E7A4F7556}") = "Wino.Mail.ViewModels.NET8", "Wino.Mail.ViewModels\Wino.Mail.ViewModels.NET8.csproj", "{FAE1E245-8E73-4FA3-9E19-23AD4CE92200}"
EndProject
Project("{9A19103F-16F7-4668-BE54-9A1E7A4F7556}") = "Wino.Core.NET8", "Wino.Core\Wino.Core.NET8.csproj", "{FEC05E9C-4186-4ECF-A522-C8EB5C187F0D}"
EndProject
Project("{9A19103F-16F7-4668-BE54-9A1E7A4F7556}") = "Wino.Core.WinUI", "Wino.Core.UWP\Wino.Core.WinUI.csproj", "{FF3C03F7-4E9B-4333-9A9D-2BB1D1241C56}"
EndProject
Project("{9A19103F-16F7-4668-BE54-9A1E7A4F7556}") = "Wino.BackgroundTasks.NET8", "Wino.BackgroundTasks\Wino.BackgroundTasks.NET8.csproj", "{2C86AF48-F7DD-4EA6-A9A6-610E69287F03}"
EndProject
Project("{9A19103F-16F7-4668-BE54-9A1E7A4F7556}") = "Wino.Mail.WinUI", "Wino.Mail.WinUI\Wino.Mail.WinUI.csproj", "{955936B2-112B-4756-8BC7-67FF12BF9759}"
EndProject
Project("{9A19103F-16F7-4668-BE54-9A1E7A4F7556}") = "Wino.Messaging.NET8", "Wino.Messages\Wino.Messaging.NET8.csproj", "{88A9B1A8-BC59-4852-93D0-37A5D357ABC6}"
EndProject
Project("{FAE04EC0-301F-11D3-BF4B-00C04F79EFBC}") = "Wino.Server.NET8", "Wino.Server.NET8\Wino.Server.NET8.csproj", "{A3B3BDBB-5946-4058-8038-55A97DBCFB38}"
EndProject
Project("{C7167F0D-BC9F-4E6E-AFE1-012C56B48DB5}") = "Wino.Packaging", "Wino.Packaging\Wino.Packaging.wapproj", "{760F5F31-8EE3-4B83-80F3-0E4FFBCC737C}"
EndProject
Global
	GlobalSection(SolutionConfigurationPlatforms) = preSolution
		Debug|Any CPU = Debug|Any CPU
		Debug|ARM = Debug|ARM
		Debug|ARM64 = Debug|ARM64
		Debug|x64 = Debug|x64
		Debug|x86 = Debug|x86
		Release|Any CPU = Release|Any CPU
		Release|ARM = Release|ARM
		Release|ARM64 = Release|ARM64
		Release|x64 = Release|x64
		Release|x86 = Release|x86
	EndGlobalSection
	GlobalSection(ProjectConfigurationPlatforms) = postSolution
		{8E9C0D99-1895-45C1-AC84-9065B91DB1AD}.Debug|Any CPU.ActiveCfg = Debug|Any CPU
		{8E9C0D99-1895-45C1-AC84-9065B91DB1AD}.Debug|Any CPU.Build.0 = Debug|Any CPU
		{8E9C0D99-1895-45C1-AC84-9065B91DB1AD}.Debug|ARM.ActiveCfg = Debug|Any CPU
		{8E9C0D99-1895-45C1-AC84-9065B91DB1AD}.Debug|ARM.Build.0 = Debug|Any CPU
		{8E9C0D99-1895-45C1-AC84-9065B91DB1AD}.Debug|ARM64.ActiveCfg = Debug|Any CPU
		{8E9C0D99-1895-45C1-AC84-9065B91DB1AD}.Debug|ARM64.Build.0 = Debug|Any CPU
		{8E9C0D99-1895-45C1-AC84-9065B91DB1AD}.Debug|x64.ActiveCfg = Debug|Any CPU
		{8E9C0D99-1895-45C1-AC84-9065B91DB1AD}.Debug|x64.Build.0 = Debug|Any CPU
		{8E9C0D99-1895-45C1-AC84-9065B91DB1AD}.Debug|x86.ActiveCfg = Debug|Any CPU
		{8E9C0D99-1895-45C1-AC84-9065B91DB1AD}.Debug|x86.Build.0 = Debug|Any CPU
		{8E9C0D99-1895-45C1-AC84-9065B91DB1AD}.Release|Any CPU.ActiveCfg = Release|Any CPU
		{8E9C0D99-1895-45C1-AC84-9065B91DB1AD}.Release|Any CPU.Build.0 = Release|Any CPU
		{8E9C0D99-1895-45C1-AC84-9065B91DB1AD}.Release|ARM.ActiveCfg = Release|Any CPU
		{8E9C0D99-1895-45C1-AC84-9065B91DB1AD}.Release|ARM.Build.0 = Release|Any CPU
		{8E9C0D99-1895-45C1-AC84-9065B91DB1AD}.Release|ARM64.ActiveCfg = Release|Any CPU
		{8E9C0D99-1895-45C1-AC84-9065B91DB1AD}.Release|ARM64.Build.0 = Release|Any CPU
		{8E9C0D99-1895-45C1-AC84-9065B91DB1AD}.Release|x64.ActiveCfg = Release|Any CPU
		{8E9C0D99-1895-45C1-AC84-9065B91DB1AD}.Release|x64.Build.0 = Release|Any CPU
		{8E9C0D99-1895-45C1-AC84-9065B91DB1AD}.Release|x86.ActiveCfg = Release|Any CPU
		{8E9C0D99-1895-45C1-AC84-9065B91DB1AD}.Release|x86.Build.0 = Release|Any CPU
		{FAE1E245-8E73-4FA3-9E19-23AD4CE92200}.Debug|Any CPU.ActiveCfg = Debug|Any CPU
		{FAE1E245-8E73-4FA3-9E19-23AD4CE92200}.Debug|Any CPU.Build.0 = Debug|Any CPU
		{FAE1E245-8E73-4FA3-9E19-23AD4CE92200}.Debug|ARM.ActiveCfg = Debug|Any CPU
		{FAE1E245-8E73-4FA3-9E19-23AD4CE92200}.Debug|ARM.Build.0 = Debug|Any CPU
		{FAE1E245-8E73-4FA3-9E19-23AD4CE92200}.Debug|ARM64.ActiveCfg = Debug|Any CPU
		{FAE1E245-8E73-4FA3-9E19-23AD4CE92200}.Debug|ARM64.Build.0 = Debug|Any CPU
		{FAE1E245-8E73-4FA3-9E19-23AD4CE92200}.Debug|x64.ActiveCfg = Debug|Any CPU
		{FAE1E245-8E73-4FA3-9E19-23AD4CE92200}.Debug|x64.Build.0 = Debug|Any CPU
		{FAE1E245-8E73-4FA3-9E19-23AD4CE92200}.Debug|x86.ActiveCfg = Debug|Any CPU
		{FAE1E245-8E73-4FA3-9E19-23AD4CE92200}.Debug|x86.Build.0 = Debug|Any CPU
		{FAE1E245-8E73-4FA3-9E19-23AD4CE92200}.Release|Any CPU.ActiveCfg = Release|Any CPU
		{FAE1E245-8E73-4FA3-9E19-23AD4CE92200}.Release|Any CPU.Build.0 = Release|Any CPU
		{FAE1E245-8E73-4FA3-9E19-23AD4CE92200}.Release|ARM.ActiveCfg = Release|Any CPU
		{FAE1E245-8E73-4FA3-9E19-23AD4CE92200}.Release|ARM.Build.0 = Release|Any CPU
		{FAE1E245-8E73-4FA3-9E19-23AD4CE92200}.Release|ARM64.ActiveCfg = Release|Any CPU
		{FAE1E245-8E73-4FA3-9E19-23AD4CE92200}.Release|ARM64.Build.0 = Release|Any CPU
		{FAE1E245-8E73-4FA3-9E19-23AD4CE92200}.Release|x64.ActiveCfg = Release|Any CPU
		{FAE1E245-8E73-4FA3-9E19-23AD4CE92200}.Release|x64.Build.0 = Release|Any CPU
		{FAE1E245-8E73-4FA3-9E19-23AD4CE92200}.Release|x86.ActiveCfg = Release|Any CPU
		{FAE1E245-8E73-4FA3-9E19-23AD4CE92200}.Release|x86.Build.0 = Release|Any CPU
		{FEC05E9C-4186-4ECF-A522-C8EB5C187F0D}.Debug|Any CPU.ActiveCfg = Debug|Any CPU
		{FEC05E9C-4186-4ECF-A522-C8EB5C187F0D}.Debug|Any CPU.Build.0 = Debug|Any CPU
		{FEC05E9C-4186-4ECF-A522-C8EB5C187F0D}.Debug|ARM.ActiveCfg = Debug|Any CPU
		{FEC05E9C-4186-4ECF-A522-C8EB5C187F0D}.Debug|ARM.Build.0 = Debug|Any CPU
		{FEC05E9C-4186-4ECF-A522-C8EB5C187F0D}.Debug|ARM64.ActiveCfg = Debug|Any CPU
		{FEC05E9C-4186-4ECF-A522-C8EB5C187F0D}.Debug|ARM64.Build.0 = Debug|Any CPU
		{FEC05E9C-4186-4ECF-A522-C8EB5C187F0D}.Debug|x64.ActiveCfg = Debug|Any CPU
		{FEC05E9C-4186-4ECF-A522-C8EB5C187F0D}.Debug|x64.Build.0 = Debug|Any CPU
		{FEC05E9C-4186-4ECF-A522-C8EB5C187F0D}.Debug|x86.ActiveCfg = Debug|Any CPU
		{FEC05E9C-4186-4ECF-A522-C8EB5C187F0D}.Debug|x86.Build.0 = Debug|Any CPU
		{FEC05E9C-4186-4ECF-A522-C8EB5C187F0D}.Release|Any CPU.ActiveCfg = Release|Any CPU
		{FEC05E9C-4186-4ECF-A522-C8EB5C187F0D}.Release|Any CPU.Build.0 = Release|Any CPU
		{FEC05E9C-4186-4ECF-A522-C8EB5C187F0D}.Release|ARM.ActiveCfg = Release|Any CPU
		{FEC05E9C-4186-4ECF-A522-C8EB5C187F0D}.Release|ARM.Build.0 = Release|Any CPU
		{FEC05E9C-4186-4ECF-A522-C8EB5C187F0D}.Release|ARM64.ActiveCfg = Release|Any CPU
		{FEC05E9C-4186-4ECF-A522-C8EB5C187F0D}.Release|ARM64.Build.0 = Release|Any CPU
		{FEC05E9C-4186-4ECF-A522-C8EB5C187F0D}.Release|x64.ActiveCfg = Release|Any CPU
		{FEC05E9C-4186-4ECF-A522-C8EB5C187F0D}.Release|x64.Build.0 = Release|Any CPU
		{FEC05E9C-4186-4ECF-A522-C8EB5C187F0D}.Release|x86.ActiveCfg = Release|Any CPU
		{FEC05E9C-4186-4ECF-A522-C8EB5C187F0D}.Release|x86.Build.0 = Release|Any CPU
		{FF3C03F7-4E9B-4333-9A9D-2BB1D1241C56}.Debug|Any CPU.ActiveCfg = Debug|Any CPU
		{FF3C03F7-4E9B-4333-9A9D-2BB1D1241C56}.Debug|Any CPU.Build.0 = Debug|Any CPU
		{FF3C03F7-4E9B-4333-9A9D-2BB1D1241C56}.Debug|ARM.ActiveCfg = Debug|Any CPU
		{FF3C03F7-4E9B-4333-9A9D-2BB1D1241C56}.Debug|ARM.Build.0 = Debug|Any CPU
		{FF3C03F7-4E9B-4333-9A9D-2BB1D1241C56}.Debug|ARM64.ActiveCfg = Debug|Any CPU
		{FF3C03F7-4E9B-4333-9A9D-2BB1D1241C56}.Debug|ARM64.Build.0 = Debug|Any CPU
		{FF3C03F7-4E9B-4333-9A9D-2BB1D1241C56}.Debug|x64.ActiveCfg = Debug|Any CPU
		{FF3C03F7-4E9B-4333-9A9D-2BB1D1241C56}.Debug|x64.Build.0 = Debug|Any CPU
		{FF3C03F7-4E9B-4333-9A9D-2BB1D1241C56}.Debug|x86.ActiveCfg = Debug|Any CPU
		{FF3C03F7-4E9B-4333-9A9D-2BB1D1241C56}.Debug|x86.Build.0 = Debug|Any CPU
		{FF3C03F7-4E9B-4333-9A9D-2BB1D1241C56}.Release|Any CPU.ActiveCfg = Release|Any CPU
		{FF3C03F7-4E9B-4333-9A9D-2BB1D1241C56}.Release|Any CPU.Build.0 = Release|Any CPU
		{FF3C03F7-4E9B-4333-9A9D-2BB1D1241C56}.Release|ARM.ActiveCfg = Release|Any CPU
		{FF3C03F7-4E9B-4333-9A9D-2BB1D1241C56}.Release|ARM.Build.0 = Release|Any CPU
		{FF3C03F7-4E9B-4333-9A9D-2BB1D1241C56}.Release|ARM64.ActiveCfg = Release|Any CPU
		{FF3C03F7-4E9B-4333-9A9D-2BB1D1241C56}.Release|ARM64.Build.0 = Release|Any CPU
		{FF3C03F7-4E9B-4333-9A9D-2BB1D1241C56}.Release|x64.ActiveCfg = Release|Any CPU
		{FF3C03F7-4E9B-4333-9A9D-2BB1D1241C56}.Release|x64.Build.0 = Release|Any CPU
		{FF3C03F7-4E9B-4333-9A9D-2BB1D1241C56}.Release|x86.ActiveCfg = Release|Any CPU
		{FF3C03F7-4E9B-4333-9A9D-2BB1D1241C56}.Release|x86.Build.0 = Release|Any CPU
		{2C86AF48-F7DD-4EA6-A9A6-610E69287F03}.Debug|Any CPU.ActiveCfg = Debug|Any CPU
		{2C86AF48-F7DD-4EA6-A9A6-610E69287F03}.Debug|Any CPU.Build.0 = Debug|Any CPU
		{2C86AF48-F7DD-4EA6-A9A6-610E69287F03}.Debug|ARM.ActiveCfg = Debug|Any CPU
		{2C86AF48-F7DD-4EA6-A9A6-610E69287F03}.Debug|ARM.Build.0 = Debug|Any CPU
		{2C86AF48-F7DD-4EA6-A9A6-610E69287F03}.Debug|ARM64.ActiveCfg = Debug|Any CPU
		{2C86AF48-F7DD-4EA6-A9A6-610E69287F03}.Debug|ARM64.Build.0 = Debug|Any CPU
		{2C86AF48-F7DD-4EA6-A9A6-610E69287F03}.Debug|x64.ActiveCfg = Debug|Any CPU
		{2C86AF48-F7DD-4EA6-A9A6-610E69287F03}.Debug|x64.Build.0 = Debug|Any CPU
		{2C86AF48-F7DD-4EA6-A9A6-610E69287F03}.Debug|x86.ActiveCfg = Debug|Any CPU
		{2C86AF48-F7DD-4EA6-A9A6-610E69287F03}.Debug|x86.Build.0 = Debug|Any CPU
		{2C86AF48-F7DD-4EA6-A9A6-610E69287F03}.Release|Any CPU.ActiveCfg = Release|Any CPU
		{2C86AF48-F7DD-4EA6-A9A6-610E69287F03}.Release|Any CPU.Build.0 = Release|Any CPU
		{2C86AF48-F7DD-4EA6-A9A6-610E69287F03}.Release|ARM.ActiveCfg = Release|Any CPU
		{2C86AF48-F7DD-4EA6-A9A6-610E69287F03}.Release|ARM.Build.0 = Release|Any CPU
		{2C86AF48-F7DD-4EA6-A9A6-610E69287F03}.Release|ARM64.ActiveCfg = Release|Any CPU
		{2C86AF48-F7DD-4EA6-A9A6-610E69287F03}.Release|ARM64.Build.0 = Release|Any CPU
		{2C86AF48-F7DD-4EA6-A9A6-610E69287F03}.Release|x64.ActiveCfg = Release|Any CPU
		{2C86AF48-F7DD-4EA6-A9A6-610E69287F03}.Release|x64.Build.0 = Release|Any CPU
		{2C86AF48-F7DD-4EA6-A9A6-610E69287F03}.Release|x86.ActiveCfg = Release|Any CPU
		{2C86AF48-F7DD-4EA6-A9A6-610E69287F03}.Release|x86.Build.0 = Release|Any CPU
		{955936B2-112B-4756-8BC7-67FF12BF9759}.Debug|Any CPU.ActiveCfg = Debug|x64
		{955936B2-112B-4756-8BC7-67FF12BF9759}.Debug|Any CPU.Build.0 = Debug|x64
		{955936B2-112B-4756-8BC7-67FF12BF9759}.Debug|Any CPU.Deploy.0 = Debug|x64
		{955936B2-112B-4756-8BC7-67FF12BF9759}.Debug|ARM.ActiveCfg = Debug|x64
		{955936B2-112B-4756-8BC7-67FF12BF9759}.Debug|ARM.Build.0 = Debug|x64
		{955936B2-112B-4756-8BC7-67FF12BF9759}.Debug|ARM.Deploy.0 = Debug|x64
		{955936B2-112B-4756-8BC7-67FF12BF9759}.Debug|ARM64.ActiveCfg = Debug|ARM64
		{955936B2-112B-4756-8BC7-67FF12BF9759}.Debug|ARM64.Build.0 = Debug|ARM64
		{955936B2-112B-4756-8BC7-67FF12BF9759}.Debug|ARM64.Deploy.0 = Debug|ARM64
		{955936B2-112B-4756-8BC7-67FF12BF9759}.Debug|x64.ActiveCfg = Debug|x64
		{955936B2-112B-4756-8BC7-67FF12BF9759}.Debug|x64.Build.0 = Debug|x64
		{955936B2-112B-4756-8BC7-67FF12BF9759}.Debug|x64.Deploy.0 = Debug|x64
		{955936B2-112B-4756-8BC7-67FF12BF9759}.Debug|x86.ActiveCfg = Debug|x86
		{955936B2-112B-4756-8BC7-67FF12BF9759}.Debug|x86.Build.0 = Debug|x86
		{955936B2-112B-4756-8BC7-67FF12BF9759}.Debug|x86.Deploy.0 = Debug|x86
		{955936B2-112B-4756-8BC7-67FF12BF9759}.Release|Any CPU.ActiveCfg = Release|x64
		{955936B2-112B-4756-8BC7-67FF12BF9759}.Release|Any CPU.Build.0 = Release|x64
		{955936B2-112B-4756-8BC7-67FF12BF9759}.Release|Any CPU.Deploy.0 = Release|x64
		{955936B2-112B-4756-8BC7-67FF12BF9759}.Release|ARM.ActiveCfg = Release|x64
		{955936B2-112B-4756-8BC7-67FF12BF9759}.Release|ARM.Build.0 = Release|x64
		{955936B2-112B-4756-8BC7-67FF12BF9759}.Release|ARM.Deploy.0 = Release|x64
		{955936B2-112B-4756-8BC7-67FF12BF9759}.Release|ARM64.ActiveCfg = Release|ARM64
		{955936B2-112B-4756-8BC7-67FF12BF9759}.Release|ARM64.Build.0 = Release|ARM64
		{955936B2-112B-4756-8BC7-67FF12BF9759}.Release|ARM64.Deploy.0 = Release|ARM64
		{955936B2-112B-4756-8BC7-67FF12BF9759}.Release|x64.ActiveCfg = Release|x64
		{955936B2-112B-4756-8BC7-67FF12BF9759}.Release|x64.Build.0 = Release|x64
		{955936B2-112B-4756-8BC7-67FF12BF9759}.Release|x64.Deploy.0 = Release|x64
		{955936B2-112B-4756-8BC7-67FF12BF9759}.Release|x86.ActiveCfg = Release|x86
		{955936B2-112B-4756-8BC7-67FF12BF9759}.Release|x86.Build.0 = Release|x86
		{955936B2-112B-4756-8BC7-67FF12BF9759}.Release|x86.Deploy.0 = Release|x86
		{88A9B1A8-BC59-4852-93D0-37A5D357ABC6}.Debug|Any CPU.ActiveCfg = Debug|Any CPU
		{88A9B1A8-BC59-4852-93D0-37A5D357ABC6}.Debug|Any CPU.Build.0 = Debug|Any CPU
		{88A9B1A8-BC59-4852-93D0-37A5D357ABC6}.Debug|ARM.ActiveCfg = Debug|Any CPU
		{88A9B1A8-BC59-4852-93D0-37A5D357ABC6}.Debug|ARM.Build.0 = Debug|Any CPU
		{88A9B1A8-BC59-4852-93D0-37A5D357ABC6}.Debug|ARM64.ActiveCfg = Debug|Any CPU
		{88A9B1A8-BC59-4852-93D0-37A5D357ABC6}.Debug|ARM64.Build.0 = Debug|Any CPU
		{88A9B1A8-BC59-4852-93D0-37A5D357ABC6}.Debug|x64.ActiveCfg = Debug|Any CPU
		{88A9B1A8-BC59-4852-93D0-37A5D357ABC6}.Debug|x64.Build.0 = Debug|Any CPU
		{88A9B1A8-BC59-4852-93D0-37A5D357ABC6}.Debug|x86.ActiveCfg = Debug|Any CPU
		{88A9B1A8-BC59-4852-93D0-37A5D357ABC6}.Debug|x86.Build.0 = Debug|Any CPU
		{88A9B1A8-BC59-4852-93D0-37A5D357ABC6}.Release|Any CPU.ActiveCfg = Release|Any CPU
		{88A9B1A8-BC59-4852-93D0-37A5D357ABC6}.Release|Any CPU.Build.0 = Release|Any CPU
		{88A9B1A8-BC59-4852-93D0-37A5D357ABC6}.Release|ARM.ActiveCfg = Release|Any CPU
		{88A9B1A8-BC59-4852-93D0-37A5D357ABC6}.Release|ARM.Build.0 = Release|Any CPU
		{88A9B1A8-BC59-4852-93D0-37A5D357ABC6}.Release|ARM64.ActiveCfg = Release|Any CPU
		{88A9B1A8-BC59-4852-93D0-37A5D357ABC6}.Release|ARM64.Build.0 = Release|Any CPU
		{88A9B1A8-BC59-4852-93D0-37A5D357ABC6}.Release|x64.ActiveCfg = Release|Any CPU
		{88A9B1A8-BC59-4852-93D0-37A5D357ABC6}.Release|x64.Build.0 = Release|Any CPU
		{88A9B1A8-BC59-4852-93D0-37A5D357ABC6}.Release|x86.ActiveCfg = Release|Any CPU
		{88A9B1A8-BC59-4852-93D0-37A5D357ABC6}.Release|x86.Build.0 = Release|Any CPU
		{A3B3BDBB-5946-4058-8038-55A97DBCFB38}.Debug|Any CPU.ActiveCfg = Debug|x64
		{A3B3BDBB-5946-4058-8038-55A97DBCFB38}.Debug|Any CPU.Build.0 = Debug|x64
		{A3B3BDBB-5946-4058-8038-55A97DBCFB38}.Debug|Any CPU.Deploy.0 = Debug|x64
		{A3B3BDBB-5946-4058-8038-55A97DBCFB38}.Debug|ARM.ActiveCfg = Debug|x64
		{A3B3BDBB-5946-4058-8038-55A97DBCFB38}.Debug|ARM.Build.0 = Debug|x64
		{A3B3BDBB-5946-4058-8038-55A97DBCFB38}.Debug|ARM.Deploy.0 = Debug|x64
		{A3B3BDBB-5946-4058-8038-55A97DBCFB38}.Debug|ARM64.ActiveCfg = Debug|ARM64
		{A3B3BDBB-5946-4058-8038-55A97DBCFB38}.Debug|ARM64.Build.0 = Debug|ARM64
		{A3B3BDBB-5946-4058-8038-55A97DBCFB38}.Debug|ARM64.Deploy.0 = Debug|ARM64
		{A3B3BDBB-5946-4058-8038-55A97DBCFB38}.Debug|x64.ActiveCfg = Debug|x64
		{A3B3BDBB-5946-4058-8038-55A97DBCFB38}.Debug|x64.Build.0 = Debug|x64
		{A3B3BDBB-5946-4058-8038-55A97DBCFB38}.Debug|x64.Deploy.0 = Debug|x64
		{A3B3BDBB-5946-4058-8038-55A97DBCFB38}.Debug|x86.ActiveCfg = Debug|x86
		{A3B3BDBB-5946-4058-8038-55A97DBCFB38}.Debug|x86.Build.0 = Debug|x86
		{A3B3BDBB-5946-4058-8038-55A97DBCFB38}.Debug|x86.Deploy.0 = Debug|x86
		{A3B3BDBB-5946-4058-8038-55A97DBCFB38}.Release|Any CPU.ActiveCfg = Release|x64
		{A3B3BDBB-5946-4058-8038-55A97DBCFB38}.Release|Any CPU.Build.0 = Release|x64
		{A3B3BDBB-5946-4058-8038-55A97DBCFB38}.Release|Any CPU.Deploy.0 = Release|x64
		{A3B3BDBB-5946-4058-8038-55A97DBCFB38}.Release|ARM.ActiveCfg = Release|x64
		{A3B3BDBB-5946-4058-8038-55A97DBCFB38}.Release|ARM.Build.0 = Release|x64
		{A3B3BDBB-5946-4058-8038-55A97DBCFB38}.Release|ARM.Deploy.0 = Release|x64
		{A3B3BDBB-5946-4058-8038-55A97DBCFB38}.Release|ARM64.ActiveCfg = Release|ARM64
		{A3B3BDBB-5946-4058-8038-55A97DBCFB38}.Release|ARM64.Build.0 = Release|ARM64
		{A3B3BDBB-5946-4058-8038-55A97DBCFB38}.Release|ARM64.Deploy.0 = Release|ARM64
		{A3B3BDBB-5946-4058-8038-55A97DBCFB38}.Release|x64.ActiveCfg = Release|x64
		{A3B3BDBB-5946-4058-8038-55A97DBCFB38}.Release|x64.Build.0 = Release|x64
		{A3B3BDBB-5946-4058-8038-55A97DBCFB38}.Release|x64.Deploy.0 = Release|x64
		{A3B3BDBB-5946-4058-8038-55A97DBCFB38}.Release|x86.ActiveCfg = Release|x86
		{A3B3BDBB-5946-4058-8038-55A97DBCFB38}.Release|x86.Build.0 = Release|x86
		{A3B3BDBB-5946-4058-8038-55A97DBCFB38}.Release|x86.Deploy.0 = Release|x86
		{760F5F31-8EE3-4B83-80F3-0E4FFBCC737C}.Debug|Any CPU.ActiveCfg = Debug|Any CPU
		{760F5F31-8EE3-4B83-80F3-0E4FFBCC737C}.Debug|Any CPU.Build.0 = Debug|Any CPU
		{760F5F31-8EE3-4B83-80F3-0E4FFBCC737C}.Debug|Any CPU.Deploy.0 = Debug|Any CPU
		{760F5F31-8EE3-4B83-80F3-0E4FFBCC737C}.Debug|ARM.ActiveCfg = Debug|ARM
		{760F5F31-8EE3-4B83-80F3-0E4FFBCC737C}.Debug|ARM.Build.0 = Debug|ARM
		{760F5F31-8EE3-4B83-80F3-0E4FFBCC737C}.Debug|ARM.Deploy.0 = Debug|ARM
		{760F5F31-8EE3-4B83-80F3-0E4FFBCC737C}.Debug|ARM64.ActiveCfg = Debug|ARM64
		{760F5F31-8EE3-4B83-80F3-0E4FFBCC737C}.Debug|ARM64.Build.0 = Debug|ARM64
		{760F5F31-8EE3-4B83-80F3-0E4FFBCC737C}.Debug|ARM64.Deploy.0 = Debug|ARM64
		{760F5F31-8EE3-4B83-80F3-0E4FFBCC737C}.Debug|x64.ActiveCfg = Debug|x64
		{760F5F31-8EE3-4B83-80F3-0E4FFBCC737C}.Debug|x64.Build.0 = Debug|x64
		{760F5F31-8EE3-4B83-80F3-0E4FFBCC737C}.Debug|x64.Deploy.0 = Debug|x64
		{760F5F31-8EE3-4B83-80F3-0E4FFBCC737C}.Debug|x86.ActiveCfg = Debug|x86
		{760F5F31-8EE3-4B83-80F3-0E4FFBCC737C}.Debug|x86.Build.0 = Debug|x86
		{760F5F31-8EE3-4B83-80F3-0E4FFBCC737C}.Debug|x86.Deploy.0 = Debug|x86
		{760F5F31-8EE3-4B83-80F3-0E4FFBCC737C}.Release|Any CPU.ActiveCfg = Release|Any CPU
		{760F5F31-8EE3-4B83-80F3-0E4FFBCC737C}.Release|Any CPU.Build.0 = Release|Any CPU
		{760F5F31-8EE3-4B83-80F3-0E4FFBCC737C}.Release|Any CPU.Deploy.0 = Release|Any CPU
		{760F5F31-8EE3-4B83-80F3-0E4FFBCC737C}.Release|ARM.ActiveCfg = Release|ARM
		{760F5F31-8EE3-4B83-80F3-0E4FFBCC737C}.Release|ARM.Build.0 = Release|ARM
		{760F5F31-8EE3-4B83-80F3-0E4FFBCC737C}.Release|ARM.Deploy.0 = Release|ARM
		{760F5F31-8EE3-4B83-80F3-0E4FFBCC737C}.Release|ARM64.ActiveCfg = Release|ARM64
		{760F5F31-8EE3-4B83-80F3-0E4FFBCC737C}.Release|ARM64.Build.0 = Release|ARM64
		{760F5F31-8EE3-4B83-80F3-0E4FFBCC737C}.Release|ARM64.Deploy.0 = Release|ARM64
		{760F5F31-8EE3-4B83-80F3-0E4FFBCC737C}.Release|x64.ActiveCfg = Release|x64
		{760F5F31-8EE3-4B83-80F3-0E4FFBCC737C}.Release|x64.Build.0 = Release|x64
		{760F5F31-8EE3-4B83-80F3-0E4FFBCC737C}.Release|x64.Deploy.0 = Release|x64
		{760F5F31-8EE3-4B83-80F3-0E4FFBCC737C}.Release|x86.ActiveCfg = Release|x86
		{760F5F31-8EE3-4B83-80F3-0E4FFBCC737C}.Release|x86.Build.0 = Release|x86
		{760F5F31-8EE3-4B83-80F3-0E4FFBCC737C}.Release|x86.Deploy.0 = Release|x86
	EndGlobalSection
	GlobalSection(SolutionProperties) = preSolution
		HideSolutionNode = FALSE
	EndGlobalSection
	GlobalSection(ExtensibilityGlobals) = postSolution
		SolutionGuid = {71681107-CC8D-4528-8487-782115091115}
	EndGlobalSection
EndGlobal
