
Microsoft Visual Studio Solution File, Format Version 12.00
# Visual Studio Version 17
VisualStudioVersion = 17.12.35424.110
MinimumVisualStudioVersion = 10.0.40219.1
Project("{9A19103F-16F7-4668-BE54-9A1E7A4F7556}") = "Wino.Core.Domain", "Wino.Core.Domain\Wino.Core.Domain.csproj", "{814400B6-5A05-4596-B451-3A116A147DC1}"
EndProject
Project("{FAE04EC0-301F-11D3-BF4B-00C04F79EFBC}") = "Wino.Core.UWP", "Wino.Core.UWP\Wino.Core.UWP.csproj", "{395F19BA-1E42-495C-9DB5-1A6F537FCCB8}"
EndProject
Project("{9A19103F-16F7-4668-BE54-9A1E7A4F7556}") = "Wino.Core.ViewModels", "Wino.Core.ViewModels\Wino.Core.ViewModels.csproj", "{510CD96C-B3FF-4EC9-A67B-845C842E6BEC}"
EndProject
Project("{9A19103F-16F7-4668-BE54-9A1E7A4F7556}") = "Wino.Messaging", "Wino.Messages\Wino.Messaging.csproj", "{AB588CFD-4B0C-4A1F-B711-1999E3D092D0}"
EndProject
Project("{9A19103F-16F7-4668-BE54-9A1E7A4F7556}") = "Wino.Server", "Wino.Server\Wino.Server.csproj", "{92DA33FC-9252-40C5-BF71-67ACB0B56F2B}"
EndProject
Project("{9A19103F-16F7-4668-BE54-9A1E7A4F7556}") = "Wino.Core", "Wino.Core\Wino.Core.csproj", "{87FFCBF4-DC17-4F09-90D6-102CF4C72BAF}"
EndProject
Project("{FAE04EC0-301F-11D3-BF4B-00C04F79EFBC}") = "Wino.Calendar", "Wino.Calendar\Wino.Calendar.csproj", "{600F4979-DB7E-409D-B7DA-B60BE4C55C35}"
EndProject
Project("{9A19103F-16F7-4668-BE54-9A1E7A4F7556}") = "Wino.SourceGenerators", "Wino.SourceGenerators\Wino.SourceGenerators.csproj", "{8A7EB697-D722-4E0F-B20E-9FC88373ADB5}"
EndProject
Project("{C7167F0D-BC9F-4E6E-AFE1-012C56B48DB5}") = "Wino.Calendar.Packaging", "Wino.Calendar.Packaging\Wino.Calendar.Packaging.wapproj", "{7485B18C-F5AB-4ABE-BA7F-05B6623C67C8}"
EndProject
Project("{9A19103F-16F7-4668-BE54-9A1E7A4F7556}") = "Wino.Calendar.ViewModels", "Wino.Calendar.ViewModels\Wino.Calendar.ViewModels.csproj", "{CF850F8C-5042-4376-9CBA-C8F2BB554083}"
EndProject
Project("{FAE04EC0-301F-11D3-BF4B-00C04F79EFBC}") = "Wino.Services", "Wino.Services\Wino.Services.csproj", "{BBA49030-7277-48CF-B2FE-3D01CB6B6C81}"
EndProject
Project("{FAE04EC0-301F-11D3-BF4B-00C04F79EFBC}") = "Wino.Authentication", "Wino.Authentication\Wino.Authentication.csproj", "{16A979C2-F308-464F-9B2A-0AF8ED5EDB43}"
EndProject
Global
	GlobalSection(SolutionConfigurationPlatforms) = preSolution
		Debug|Any CPU = Debug|Any CPU
		Debug|ARM = Debug|ARM
		Debug|ARM64 = Debug|ARM64
		Debug|x64 = Debug|x64
		Debug|x86 = Debug|x86
		Release|Any CPU = Release|Any CPU
		Release|ARM = Release|ARM
		Release|ARM64 = Release|ARM64
		Release|x64 = Release|x64
		Release|x86 = Release|x86
	EndGlobalSection
	GlobalSection(ProjectConfigurationPlatforms) = postSolution
		{814400B6-5A05-4596-B451-3A116A147DC1}.Debug|Any CPU.ActiveCfg = Debug|Any CPU
		{814400B6-5A05-4596-B451-3A116A147DC1}.Debug|Any CPU.Build.0 = Debug|Any CPU
		{814400B6-5A05-4596-B451-3A116A147DC1}.Debug|ARM.ActiveCfg = Debug|Any CPU
		{814400B6-5A05-4596-B451-3A116A147DC1}.Debug|ARM.Build.0 = Debug|Any CPU
		{814400B6-5A05-4596-B451-3A116A147DC1}.Debug|ARM64.ActiveCfg = Debug|Any CPU
		{814400B6-5A05-4596-B451-3A116A147DC1}.Debug|ARM64.Build.0 = Debug|Any CPU
		{814400B6-5A05-4596-B451-3A116A147DC1}.Debug|x64.ActiveCfg = Debug|x64
		{814400B6-5A05-4596-B451-3A116A147DC1}.Debug|x64.Build.0 = Debug|x64
		{814400B6-5A05-4596-B451-3A116A147DC1}.Debug|x86.ActiveCfg = Debug|x86
		{814400B6-5A05-4596-B451-3A116A147DC1}.Debug|x86.Build.0 = Debug|x86
		{814400B6-5A05-4596-B451-3A116A147DC1}.Release|Any CPU.ActiveCfg = Release|Any CPU
		{814400B6-5A05-4596-B451-3A116A147DC1}.Release|Any CPU.Build.0 = Release|Any CPU
		{814400B6-5A05-4596-B451-3A116A147DC1}.Release|ARM.ActiveCfg = Release|Any CPU
		{814400B6-5A05-4596-B451-3A116A147DC1}.Release|ARM.Build.0 = Release|Any CPU
		{814400B6-5A05-4596-B451-3A116A147DC1}.Release|ARM64.ActiveCfg = Release|Any CPU
		{814400B6-5A05-4596-B451-3A116A147DC1}.Release|ARM64.Build.0 = Release|Any CPU
		{814400B6-5A05-4596-B451-3A116A147DC1}.Release|x64.ActiveCfg = Release|x64
		{814400B6-5A05-4596-B451-3A116A147DC1}.Release|x64.Build.0 = Release|x64
		{814400B6-5A05-4596-B451-3A116A147DC1}.Release|x86.ActiveCfg = Release|x86
		{814400B6-5A05-4596-B451-3A116A147DC1}.Release|x86.Build.0 = Release|x86
		{395F19BA-1E42-495C-9DB5-1A6F537FCCB8}.Debug|Any CPU.ActiveCfg = Debug|Any CPU
		{395F19BA-1E42-495C-9DB5-1A6F537FCCB8}.Debug|Any CPU.Build.0 = Debug|Any CPU
		{395F19BA-1E42-495C-9DB5-1A6F537FCCB8}.Debug|ARM.ActiveCfg = Debug|Any CPU
		{395F19BA-1E42-495C-9DB5-1A6F537FCCB8}.Debug|ARM.Build.0 = Debug|Any CPU
		{395F19BA-1E42-495C-9DB5-1A6F537FCCB8}.Debug|ARM64.ActiveCfg = Debug|ARM64
		{395F19BA-1E42-495C-9DB5-1A6F537FCCB8}.Debug|ARM64.Build.0 = Debug|ARM64
		{395F19BA-1E42-495C-9DB5-1A6F537FCCB8}.Debug|x64.ActiveCfg = Debug|x64
		{395F19BA-1E42-495C-9DB5-1A6F537FCCB8}.Debug|x64.Build.0 = Debug|x64
		{395F19BA-1E42-495C-9DB5-1A6F537FCCB8}.Debug|x86.ActiveCfg = Debug|x86
		{395F19BA-1E42-495C-9DB5-1A6F537FCCB8}.Debug|x86.Build.0 = Debug|x86
		{395F19BA-1E42-495C-9DB5-1A6F537FCCB8}.Release|Any CPU.ActiveCfg = Release|Any CPU
		{395F19BA-1E42-495C-9DB5-1A6F537FCCB8}.Release|Any CPU.Build.0 = Release|Any CPU
		{395F19BA-1E42-495C-9DB5-1A6F537FCCB8}.Release|ARM.ActiveCfg = Release|Any CPU
		{395F19BA-1E42-495C-9DB5-1A6F537FCCB8}.Release|ARM.Build.0 = Release|Any CPU
		{395F19BA-1E42-495C-9DB5-1A6F537FCCB8}.Release|ARM64.ActiveCfg = Release|ARM64
		{395F19BA-1E42-495C-9DB5-1A6F537FCCB8}.Release|ARM64.Build.0 = Release|ARM64
		{395F19BA-1E42-495C-9DB5-1A6F537FCCB8}.Release|x64.ActiveCfg = Release|x64
		{395F19BA-1E42-495C-9DB5-1A6F537FCCB8}.Release|x64.Build.0 = Release|x64
		{395F19BA-1E42-495C-9DB5-1A6F537FCCB8}.Release|x86.ActiveCfg = Release|x86
		{395F19BA-1E42-495C-9DB5-1A6F537FCCB8}.Release|x86.Build.0 = Release|x86
		{510CD96C-B3FF-4EC9-A67B-845C842E6BEC}.Debug|Any CPU.ActiveCfg = Debug|Any CPU
		{510CD96C-B3FF-4EC9-A67B-845C842E6BEC}.Debug|Any CPU.Build.0 = Debug|Any CPU
		{510CD96C-B3FF-4EC9-A67B-845C842E6BEC}.Debug|ARM.ActiveCfg = Debug|Any CPU
		{510CD96C-B3FF-4EC9-A67B-845C842E6BEC}.Debug|ARM.Build.0 = Debug|Any CPU
		{510CD96C-B3FF-4EC9-A67B-845C842E6BEC}.Debug|ARM64.ActiveCfg = Debug|Any CPU
		{510CD96C-B3FF-4EC9-A67B-845C842E6BEC}.Debug|ARM64.Build.0 = Debug|Any CPU
		{510CD96C-B3FF-4EC9-A67B-845C842E6BEC}.Debug|x64.ActiveCfg = Debug|x64
		{510CD96C-B3FF-4EC9-A67B-845C842E6BEC}.Debug|x64.Build.0 = Debug|x64
		{510CD96C-B3FF-4EC9-A67B-845C842E6BEC}.Debug|x86.ActiveCfg = Debug|x86
		{510CD96C-B3FF-4EC9-A67B-845C842E6BEC}.Debug|x86.Build.0 = Debug|x86
		{510CD96C-B3FF-4EC9-A67B-845C842E6BEC}.Release|Any CPU.ActiveCfg = Release|Any CPU
		{510CD96C-B3FF-4EC9-A67B-845C842E6BEC}.Release|Any CPU.Build.0 = Release|Any CPU
		{510CD96C-B3FF-4EC9-A67B-845C842E6BEC}.Release|ARM.ActiveCfg = Release|Any CPU
		{510CD96C-B3FF-4EC9-A67B-845C842E6BEC}.Release|ARM.Build.0 = Release|Any CPU
		{510CD96C-B3FF-4EC9-A67B-845C842E6BEC}.Release|ARM64.ActiveCfg = Release|Any CPU
		{510CD96C-B3FF-4EC9-A67B-845C842E6BEC}.Release|ARM64.Build.0 = Release|Any CPU
		{510CD96C-B3FF-4EC9-A67B-845C842E6BEC}.Release|x64.ActiveCfg = Release|x64
		{510CD96C-B3FF-4EC9-A67B-845C842E6BEC}.Release|x64.Build.0 = Release|x64
		{510CD96C-B3FF-4EC9-A67B-845C842E6BEC}.Release|x86.ActiveCfg = Release|x86
		{510CD96C-B3FF-4EC9-A67B-845C842E6BEC}.Release|x86.Build.0 = Release|x86
		{AB588CFD-4B0C-4A1F-B711-1999E3D092D0}.Debug|Any CPU.ActiveCfg = Debug|Any CPU
		{AB588CFD-4B0C-4A1F-B711-1999E3D092D0}.Debug|Any CPU.Build.0 = Debug|Any CPU
		{AB588CFD-4B0C-4A1F-B711-1999E3D092D0}.Debug|ARM.ActiveCfg = Debug|Any CPU
		{AB588CFD-4B0C-4A1F-B711-1999E3D092D0}.Debug|ARM.Build.0 = Debug|Any CPU
		{AB588CFD-4B0C-4A1F-B711-1999E3D092D0}.Debug|ARM64.ActiveCfg = Debug|Any CPU
		{AB588CFD-4B0C-4A1F-B711-1999E3D092D0}.Debug|ARM64.Build.0 = Debug|Any CPU
		{AB588CFD-4B0C-4A1F-B711-1999E3D092D0}.Debug|x64.ActiveCfg = Debug|x64
		{AB588CFD-4B0C-4A1F-B711-1999E3D092D0}.Debug|x64.Build.0 = Debug|x64
		{AB588CFD-4B0C-4A1F-B711-1999E3D092D0}.Debug|x86.ActiveCfg = Debug|x86
		{AB588CFD-4B0C-4A1F-B711-1999E3D092D0}.Debug|x86.Build.0 = Debug|x86
		{AB588CFD-4B0C-4A1F-B711-1999E3D092D0}.Release|Any CPU.ActiveCfg = Release|Any CPU
		{AB588CFD-4B0C-4A1F-B711-1999E3D092D0}.Release|Any CPU.Build.0 = Release|Any CPU
		{AB588CFD-4B0C-4A1F-B711-1999E3D092D0}.Release|ARM.ActiveCfg = Release|Any CPU
		{AB588CFD-4B0C-4A1F-B711-1999E3D092D0}.Release|ARM.Build.0 = Release|Any CPU
		{AB588CFD-4B0C-4A1F-B711-1999E3D092D0}.Release|ARM64.ActiveCfg = Release|Any CPU
		{AB588CFD-4B0C-4A1F-B711-1999E3D092D0}.Release|ARM64.Build.0 = Release|Any CPU
		{AB588CFD-4B0C-4A1F-B711-1999E3D092D0}.Release|x64.ActiveCfg = Release|x64
		{AB588CFD-4B0C-4A1F-B711-1999E3D092D0}.Release|x64.Build.0 = Release|x64
		{AB588CFD-4B0C-4A1F-B711-1999E3D092D0}.Release|x86.ActiveCfg = Release|x86
		{AB588CFD-4B0C-4A1F-B711-1999E3D092D0}.Release|x86.Build.0 = Release|x86
		{92DA33FC-9252-40C5-BF71-67ACB0B56F2B}.Debug|Any CPU.ActiveCfg = Debug|x64
		{92DA33FC-9252-40C5-BF71-67ACB0B56F2B}.Debug|Any CPU.Build.0 = Debug|x64
		{92DA33FC-9252-40C5-BF71-67ACB0B56F2B}.Debug|ARM.ActiveCfg = Debug|x64
		{92DA33FC-9252-40C5-BF71-67ACB0B56F2B}.Debug|ARM.Build.0 = Debug|x64
		{92DA33FC-9252-40C5-BF71-67ACB0B56F2B}.Debug|ARM64.ActiveCfg = Debug|ARM64
		{92DA33FC-9252-40C5-BF71-67ACB0B56F2B}.Debug|ARM64.Build.0 = Debug|ARM64
		{92DA33FC-9252-40C5-BF71-67ACB0B56F2B}.Debug|x64.ActiveCfg = Debug|x64
		{92DA33FC-9252-40C5-BF71-67ACB0B56F2B}.Debug|x64.Build.0 = Debug|x64
		{92DA33FC-9252-40C5-BF71-67ACB0B56F2B}.Debug|x86.ActiveCfg = Debug|x86
		{92DA33FC-9252-40C5-BF71-67ACB0B56F2B}.Debug|x86.Build.0 = Debug|x86
		{92DA33FC-9252-40C5-BF71-67ACB0B56F2B}.Release|Any CPU.ActiveCfg = Release|x64
		{92DA33FC-9252-40C5-BF71-67ACB0B56F2B}.Release|Any CPU.Build.0 = Release|x64
		{92DA33FC-9252-40C5-BF71-67ACB0B56F2B}.Release|ARM.ActiveCfg = Release|x64
		{92DA33FC-9252-40C5-BF71-67ACB0B56F2B}.Release|ARM.Build.0 = Release|x64
		{92DA33FC-9252-40C5-BF71-67ACB0B56F2B}.Release|ARM64.ActiveCfg = Release|ARM64
		{92DA33FC-9252-40C5-BF71-67ACB0B56F2B}.Release|ARM64.Build.0 = Release|ARM64
		{92DA33FC-9252-40C5-BF71-67ACB0B56F2B}.Release|x64.ActiveCfg = Release|x64
		{92DA33FC-9252-40C5-BF71-67ACB0B56F2B}.Release|x64.Build.0 = Release|x64
		{92DA33FC-9252-40C5-BF71-67ACB0B56F2B}.Release|x86.ActiveCfg = Release|x86
		{92DA33FC-9252-40C5-BF71-67ACB0B56F2B}.Release|x86.Build.0 = Release|x86
		{87FFCBF4-DC17-4F09-90D6-102CF4C72BAF}.Debug|Any CPU.ActiveCfg = Debug|Any CPU
		{87FFCBF4-DC17-4F09-90D6-102CF4C72BAF}.Debug|Any CPU.Build.0 = Debug|Any CPU
		{87FFCBF4-DC17-4F09-90D6-102CF4C72BAF}.Debug|ARM.ActiveCfg = Debug|Any CPU
		{87FFCBF4-DC17-4F09-90D6-102CF4C72BAF}.Debug|ARM.Build.0 = Debug|Any CPU
		{87FFCBF4-DC17-4F09-90D6-102CF4C72BAF}.Debug|ARM64.ActiveCfg = Debug|Any CPU
		{87FFCBF4-DC17-4F09-90D6-102CF4C72BAF}.Debug|ARM64.Build.0 = Debug|Any CPU
		{87FFCBF4-DC17-4F09-90D6-102CF4C72BAF}.Debug|x64.ActiveCfg = Debug|x64
		{87FFCBF4-DC17-4F09-90D6-102CF4C72BAF}.Debug|x64.Build.0 = Debug|x64
		{87FFCBF4-DC17-4F09-90D6-102CF4C72BAF}.Debug|x86.ActiveCfg = Debug|x86
		{87FFCBF4-DC17-4F09-90D6-102CF4C72BAF}.Debug|x86.Build.0 = Debug|x86
		{87FFCBF4-DC17-4F09-90D6-102CF4C72BAF}.Release|Any CPU.ActiveCfg = Release|Any CPU
		{87FFCBF4-DC17-4F09-90D6-102CF4C72BAF}.Release|Any CPU.Build.0 = Release|Any CPU
		{87FFCBF4-DC17-4F09-90D6-102CF4C72BAF}.Release|ARM.ActiveCfg = Release|Any CPU
		{87FFCBF4-DC17-4F09-90D6-102CF4C72BAF}.Release|ARM.Build.0 = Release|Any CPU
		{87FFCBF4-DC17-4F09-90D6-102CF4C72BAF}.Release|ARM64.ActiveCfg = Release|Any CPU
		{87FFCBF4-DC17-4F09-90D6-102CF4C72BAF}.Release|ARM64.Build.0 = Release|Any CPU
		{87FFCBF4-DC17-4F09-90D6-102CF4C72BAF}.Release|x64.ActiveCfg = Release|x64
		{87FFCBF4-DC17-4F09-90D6-102CF4C72BAF}.Release|x64.Build.0 = Release|x64
		{87FFCBF4-DC17-4F09-90D6-102CF4C72BAF}.Release|x86.ActiveCfg = Release|x86
		{87FFCBF4-DC17-4F09-90D6-102CF4C72BAF}.Release|x86.Build.0 = Release|x86
		{600F4979-DB7E-409D-B7DA-B60BE4C55C35}.Debug|Any CPU.ActiveCfg = Debug|x64
		{600F4979-DB7E-409D-B7DA-B60BE4C55C35}.Debug|Any CPU.Build.0 = Debug|x64
		{600F4979-DB7E-409D-B7DA-B60BE4C55C35}.Debug|Any CPU.Deploy.0 = Debug|x64
		{600F4979-DB7E-409D-B7DA-B60BE4C55C35}.Debug|ARM.ActiveCfg = Debug|ARM
		{600F4979-DB7E-409D-B7DA-B60BE4C55C35}.Debug|ARM.Build.0 = Debug|ARM
		{600F4979-DB7E-409D-B7DA-B60BE4C55C35}.Debug|ARM.Deploy.0 = Debug|ARM
		{600F4979-DB7E-409D-B7DA-B60BE4C55C35}.Debug|ARM64.ActiveCfg = Debug|ARM64
		{600F4979-DB7E-409D-B7DA-B60BE4C55C35}.Debug|ARM64.Build.0 = Debug|ARM64
		{600F4979-DB7E-409D-B7DA-B60BE4C55C35}.Debug|ARM64.Deploy.0 = Debug|ARM64
		{600F4979-DB7E-409D-B7DA-B60BE4C55C35}.Debug|x64.ActiveCfg = Debug|x64
		{600F4979-DB7E-409D-B7DA-B60BE4C55C35}.Debug|x64.Build.0 = Debug|x64
		{600F4979-DB7E-409D-B7DA-B60BE4C55C35}.Debug|x64.Deploy.0 = Debug|x64
		{600F4979-DB7E-409D-B7DA-B60BE4C55C35}.Debug|x86.ActiveCfg = Debug|x86
		{600F4979-DB7E-409D-B7DA-B60BE4C55C35}.Debug|x86.Build.0 = Debug|x86
		{600F4979-DB7E-409D-B7DA-B60BE4C55C35}.Debug|x86.Deploy.0 = Debug|x86
		{600F4979-DB7E-409D-B7DA-B60BE4C55C35}.Release|Any CPU.ActiveCfg = Release|x64
		{600F4979-DB7E-409D-B7DA-B60BE4C55C35}.Release|Any CPU.Build.0 = Release|x64
		{600F4979-DB7E-409D-B7DA-B60BE4C55C35}.Release|Any CPU.Deploy.0 = Release|x64
		{600F4979-DB7E-409D-B7DA-B60BE4C55C35}.Release|ARM.ActiveCfg = Release|ARM
		{600F4979-DB7E-409D-B7DA-B60BE4C55C35}.Release|ARM.Build.0 = Release|ARM
		{600F4979-DB7E-409D-B7DA-B60BE4C55C35}.Release|ARM.Deploy.0 = Release|ARM
		{600F4979-DB7E-409D-B7DA-B60BE4C55C35}.Release|ARM64.ActiveCfg = Release|ARM64
		{600F4979-DB7E-409D-B7DA-B60BE4C55C35}.Release|ARM64.Build.0 = Release|ARM64
		{600F4979-DB7E-409D-B7DA-B60BE4C55C35}.Release|ARM64.Deploy.0 = Release|ARM64
		{600F4979-DB7E-409D-B7DA-B60BE4C55C35}.Release|x64.ActiveCfg = Release|x64
		{600F4979-DB7E-409D-B7DA-B60BE4C55C35}.Release|x64.Build.0 = Release|x64
		{600F4979-DB7E-409D-B7DA-B60BE4C55C35}.Release|x64.Deploy.0 = Release|x64
		{600F4979-DB7E-409D-B7DA-B60BE4C55C35}.Release|x86.ActiveCfg = Release|x86
		{600F4979-DB7E-409D-B7DA-B60BE4C55C35}.Release|x86.Build.0 = Release|x86
		{600F4979-DB7E-409D-B7DA-B60BE4C55C35}.Release|x86.Deploy.0 = Release|x86
		{8A7EB697-D722-4E0F-B20E-9FC88373ADB5}.Debug|Any CPU.ActiveCfg = Debug|Any CPU
		{8A7EB697-D722-4E0F-B20E-9FC88373ADB5}.Debug|Any CPU.Build.0 = Debug|Any CPU
		{8A7EB697-D722-4E0F-B20E-9FC88373ADB5}.Debug|ARM.ActiveCfg = Debug|Any CPU
		{8A7EB697-D722-4E0F-B20E-9FC88373ADB5}.Debug|ARM.Build.0 = Debug|Any CPU
		{8A7EB697-D722-4E0F-B20E-9FC88373ADB5}.Debug|ARM64.ActiveCfg = Debug|Any CPU
		{8A7EB697-D722-4E0F-B20E-9FC88373ADB5}.Debug|ARM64.Build.0 = Debug|Any CPU
		{8A7EB697-D722-4E0F-B20E-9FC88373ADB5}.Debug|x64.ActiveCfg = Debug|Any CPU
		{8A7EB697-D722-4E0F-B20E-9FC88373ADB5}.Debug|x64.Build.0 = Debug|Any CPU
		{8A7EB697-D722-4E0F-B20E-9FC88373ADB5}.Debug|x86.ActiveCfg = Debug|Any CPU
		{8A7EB697-D722-4E0F-B20E-9FC88373ADB5}.Debug|x86.Build.0 = Debug|Any CPU
		{8A7EB697-D722-4E0F-B20E-9FC88373ADB5}.Release|Any CPU.ActiveCfg = Release|Any CPU
		{8A7EB697-D722-4E0F-B20E-9FC88373ADB5}.Release|Any CPU.Build.0 = Release|Any CPU
		{8A7EB697-D722-4E0F-B20E-9FC88373ADB5}.Release|ARM.ActiveCfg = Release|Any CPU
		{8A7EB697-D722-4E0F-B20E-9FC88373ADB5}.Release|ARM.Build.0 = Release|Any CPU
		{8A7EB697-D722-4E0F-B20E-9FC88373ADB5}.Release|ARM64.ActiveCfg = Release|Any CPU
		{8A7EB697-D722-4E0F-B20E-9FC88373ADB5}.Release|ARM64.Build.0 = Release|Any CPU
		{8A7EB697-D722-4E0F-B20E-9FC88373ADB5}.Release|x64.ActiveCfg = Release|Any CPU
		{8A7EB697-D722-4E0F-B20E-9FC88373ADB5}.Release|x64.Build.0 = Release|Any CPU
		{8A7EB697-D722-4E0F-B20E-9FC88373ADB5}.Release|x86.ActiveCfg = Release|Any CPU
		{8A7EB697-D722-4E0F-B20E-9FC88373ADB5}.Release|x86.Build.0 = Release|Any CPU
		{7485B18C-F5AB-4ABE-BA7F-05B6623C67C8}.Debug|Any CPU.ActiveCfg = Debug|Any CPU
		{7485B18C-F5AB-4ABE-BA7F-05B6623C67C8}.Debug|Any CPU.Build.0 = Debug|Any CPU
		{7485B18C-F5AB-4ABE-BA7F-05B6623C67C8}.Debug|Any CPU.Deploy.0 = Debug|Any CPU
		{7485B18C-F5AB-4ABE-BA7F-05B6623C67C8}.Debug|ARM.ActiveCfg = Debug|ARM
		{7485B18C-F5AB-4ABE-BA7F-05B6623C67C8}.Debug|ARM.Build.0 = Debug|ARM
		{7485B18C-F5AB-4ABE-BA7F-05B6623C67C8}.Debug|ARM.Deploy.0 = Debug|ARM
		{7485B18C-F5AB-4ABE-BA7F-05B6623C67C8}.Debug|ARM64.ActiveCfg = Debug|ARM64
		{7485B18C-F5AB-4ABE-BA7F-05B6623C67C8}.Debug|ARM64.Build.0 = Debug|ARM64
		{7485B18C-F5AB-4ABE-BA7F-05B6623C67C8}.Debug|ARM64.Deploy.0 = Debug|ARM64
		{7485B18C-F5AB-4ABE-BA7F-05B6623C67C8}.Debug|x64.ActiveCfg = Debug|x64
		{7485B18C-F5AB-4ABE-BA7F-05B6623C67C8}.Debug|x64.Build.0 = Debug|x64
		{7485B18C-F5AB-4ABE-BA7F-05B6623C67C8}.Debug|x64.Deploy.0 = Debug|x64
		{7485B18C-F5AB-4ABE-BA7F-05B6623C67C8}.Debug|x86.ActiveCfg = Debug|x86
		{7485B18C-F5AB-4ABE-BA7F-05B6623C67C8}.Debug|x86.Build.0 = Debug|x86
		{7485B18C-F5AB-4ABE-BA7F-05B6623C67C8}.Debug|x86.Deploy.0 = Debug|x86
		{7485B18C-F5AB-4ABE-BA7F-05B6623C67C8}.Release|Any CPU.ActiveCfg = Release|Any CPU
		{7485B18C-F5AB-4ABE-BA7F-05B6623C67C8}.Release|Any CPU.Build.0 = Release|Any CPU
		{7485B18C-F5AB-4ABE-BA7F-05B6623C67C8}.Release|Any CPU.Deploy.0 = Release|Any CPU
		{7485B18C-F5AB-4ABE-BA7F-05B6623C67C8}.Release|ARM.ActiveCfg = Release|ARM
		{7485B18C-F5AB-4ABE-BA7F-05B6623C67C8}.Release|ARM.Build.0 = Release|ARM
		{7485B18C-F5AB-4ABE-BA7F-05B6623C67C8}.Release|ARM.Deploy.0 = Release|ARM
		{7485B18C-F5AB-4ABE-BA7F-05B6623C67C8}.Release|ARM64.ActiveCfg = Release|ARM64
		{7485B18C-F5AB-4ABE-BA7F-05B6623C67C8}.Release|ARM64.Build.0 = Release|ARM64
		{7485B18C-F5AB-4ABE-BA7F-05B6623C67C8}.Release|ARM64.Deploy.0 = Release|ARM64
		{7485B18C-F5AB-4ABE-BA7F-05B6623C67C8}.Release|x64.ActiveCfg = Release|x64
		{7485B18C-F5AB-4ABE-BA7F-05B6623C67C8}.Release|x64.Build.0 = Release|x64
		{7485B18C-F5AB-4ABE-BA7F-05B6623C67C8}.Release|x64.Deploy.0 = Release|x64
		{7485B18C-F5AB-4ABE-BA7F-05B6623C67C8}.Release|x86.ActiveCfg = Release|x86
		{7485B18C-F5AB-4ABE-BA7F-05B6623C67C8}.Release|x86.Build.0 = Release|x86
		{7485B18C-F5AB-4ABE-BA7F-05B6623C67C8}.Release|x86.Deploy.0 = Release|x86
		{CF850F8C-5042-4376-9CBA-C8F2BB554083}.Debug|Any CPU.ActiveCfg = Debug|Any CPU
		{CF850F8C-5042-4376-9CBA-C8F2BB554083}.Debug|Any CPU.Build.0 = Debug|Any CPU
		{CF850F8C-5042-4376-9CBA-C8F2BB554083}.Debug|ARM.ActiveCfg = Debug|Any CPU
		{CF850F8C-5042-4376-9CBA-C8F2BB554083}.Debug|ARM.Build.0 = Debug|Any CPU
		{CF850F8C-5042-4376-9CBA-C8F2BB554083}.Debug|ARM64.ActiveCfg = Debug|Any CPU
		{CF850F8C-5042-4376-9CBA-C8F2BB554083}.Debug|ARM64.Build.0 = Debug|Any CPU
		{CF850F8C-5042-4376-9CBA-C8F2BB554083}.Debug|x64.ActiveCfg = Debug|x64
		{CF850F8C-5042-4376-9CBA-C8F2BB554083}.Debug|x64.Build.0 = Debug|x64
		{CF850F8C-5042-4376-9CBA-C8F2BB554083}.Debug|x86.ActiveCfg = Debug|x86
		{CF850F8C-5042-4376-9CBA-C8F2BB554083}.Debug|x86.Build.0 = Debug|x86
		{CF850F8C-5042-4376-9CBA-C8F2BB554083}.Release|Any CPU.ActiveCfg = Release|Any CPU
		{CF850F8C-5042-4376-9CBA-C8F2BB554083}.Release|Any CPU.Build.0 = Release|Any CPU
		{CF850F8C-5042-4376-9CBA-C8F2BB554083}.Release|ARM.ActiveCfg = Release|Any CPU
		{CF850F8C-5042-4376-9CBA-C8F2BB554083}.Release|ARM.Build.0 = Release|Any CPU
		{CF850F8C-5042-4376-9CBA-C8F2BB554083}.Release|ARM64.ActiveCfg = Release|Any CPU
		{CF850F8C-5042-4376-9CBA-C8F2BB554083}.Release|ARM64.Build.0 = Release|Any CPU
		{CF850F8C-5042-4376-9CBA-C8F2BB554083}.Release|x64.ActiveCfg = Release|x64
		{CF850F8C-5042-4376-9CBA-C8F2BB554083}.Release|x64.Build.0 = Release|x64
		{CF850F8C-5042-4376-9CBA-C8F2BB554083}.Release|x86.ActiveCfg = Release|x86
		{CF850F8C-5042-4376-9CBA-C8F2BB554083}.Release|x86.Build.0 = Release|x86
		{BBA49030-7277-48CF-B2FE-3D01CB6B6C81}.Debug|Any CPU.ActiveCfg = Debug|Any CPU
		{BBA49030-7277-48CF-B2FE-3D01CB6B6C81}.Debug|Any CPU.Build.0 = Debug|Any CPU
		{BBA49030-7277-48CF-B2FE-3D01CB6B6C81}.Debug|ARM.ActiveCfg = Debug|Any CPU
		{BBA49030-7277-48CF-B2FE-3D01CB6B6C81}.Debug|ARM.Build.0 = Debug|Any CPU
		{BBA49030-7277-48CF-B2FE-3D01CB6B6C81}.Debug|ARM64.ActiveCfg = Debug|Any CPU
		{BBA49030-7277-48CF-B2FE-3D01CB6B6C81}.Debug|ARM64.Build.0 = Debug|Any CPU
		{BBA49030-7277-48CF-B2FE-3D01CB6B6C81}.Debug|x64.ActiveCfg = Debug|Any CPU
		{BBA49030-7277-48CF-B2FE-3D01CB6B6C81}.Debug|x64.Build.0 = Debug|Any CPU
		{BBA49030-7277-48CF-B2FE-3D01CB6B6C81}.Debug|x86.ActiveCfg = Debug|Any CPU
		{BBA49030-7277-48CF-B2FE-3D01CB6B6C81}.Debug|x86.Build.0 = Debug|Any CPU
		{BBA49030-7277-48CF-B2FE-3D01CB6B6C81}.Release|Any CPU.ActiveCfg = Release|Any CPU
		{BBA49030-7277-48CF-B2FE-3D01CB6B6C81}.Release|Any CPU.Build.0 = Release|Any CPU
		{BBA49030-7277-48CF-B2FE-3D01CB6B6C81}.Release|ARM.ActiveCfg = Release|Any CPU
		{BBA49030-7277-48CF-B2FE-3D01CB6B6C81}.Release|ARM.Build.0 = Release|Any CPU
		{BBA49030-7277-48CF-B2FE-3D01CB6B6C81}.Release|ARM64.ActiveCfg = Release|Any CPU
		{BBA49030-7277-48CF-B2FE-3D01CB6B6C81}.Release|ARM64.Build.0 = Release|Any CPU
		{BBA49030-7277-48CF-B2FE-3D01CB6B6C81}.Release|x64.ActiveCfg = Release|Any CPU
		{BBA49030-7277-48CF-B2FE-3D01CB6B6C81}.Release|x64.Build.0 = Release|Any CPU
		{BBA49030-7277-48CF-B2FE-3D01CB6B6C81}.Release|x86.ActiveCfg = Release|Any CPU
		{BBA49030-7277-48CF-B2FE-3D01CB6B6C81}.Release|x86.Build.0 = Release|Any CPU
		{16A979C2-F308-464F-9B2A-0AF8ED5EDB43}.Debug|Any CPU.ActiveCfg = Debug|Any CPU
		{16A979C2-F308-464F-9B2A-0AF8ED5EDB43}.Debug|Any CPU.Build.0 = Debug|Any CPU
		{16A979C2-F308-464F-9B2A-0AF8ED5EDB43}.Debug|ARM.ActiveCfg = Debug|Any CPU
		{16A979C2-F308-464F-9B2A-0AF8ED5EDB43}.Debug|ARM.Build.0 = Debug|Any CPU
		{16A979C2-F308-464F-9B2A-0AF8ED5EDB43}.Debug|ARM64.ActiveCfg = Debug|Any CPU
		{16A979C2-F308-464F-9B2A-0AF8ED5EDB43}.Debug|ARM64.Build.0 = Debug|Any CPU
		{16A979C2-F308-464F-9B2A-0AF8ED5EDB43}.Debug|x64.ActiveCfg = Debug|x64
		{16A979C2-F308-464F-9B2A-0AF8ED5EDB43}.Debug|x64.Build.0 = Debug|x64
		{16A979C2-F308-464F-9B2A-0AF8ED5EDB43}.Debug|x86.ActiveCfg = Debug|x86
		{16A979C2-F308-464F-9B2A-0AF8ED5EDB43}.Debug|x86.Build.0 = Debug|x86
		{16A979C2-F308-464F-9B2A-0AF8ED5EDB43}.Release|Any CPU.ActiveCfg = Release|Any CPU
		{16A979C2-F308-464F-9B2A-0AF8ED5EDB43}.Release|Any CPU.Build.0 = Release|Any CPU
		{16A979C2-F308-464F-9B2A-0AF8ED5EDB43}.Release|ARM.ActiveCfg = Release|Any CPU
		{16A979C2-F308-464F-9B2A-0AF8ED5EDB43}.Release|ARM.Build.0 = Release|Any CPU
		{16A979C2-F308-464F-9B2A-0AF8ED5EDB43}.Release|ARM64.ActiveCfg = Release|Any CPU
		{16A979C2-F308-464F-9B2A-0AF8ED5EDB43}.Release|ARM64.Build.0 = Release|Any CPU
		{16A979C2-F308-464F-9B2A-0AF8ED5EDB43}.Release|x64.ActiveCfg = Release|x64
		{16A979C2-F308-464F-9B2A-0AF8ED5EDB43}.Release|x64.Build.0 = Release|x64
		{16A979C2-F308-464F-9B2A-0AF8ED5EDB43}.Release|x86.ActiveCfg = Release|x86
		{16A979C2-F308-464F-9B2A-0AF8ED5EDB43}.Release|x86.Build.0 = Release|x86
	EndGlobalSection
	GlobalSection(SolutionProperties) = preSolution
		HideSolutionNode = FALSE
	EndGlobalSection
EndGlobal
