
Microsoft Visual Studio Solution File, Format Version 12.00
# Visual Studio Version 17
VisualStudioVersion = 17.0.32112.339
MinimumVisualStudioVersion = 10.0.40219.1
Project("{FAE04EC0-301F-11D3-BF4B-00C04F79EFBC}") = "Wino.Mail", "Wino.Mail\Wino.Mail.csproj", "{68A432B8-C1B7-494C-8D6D-230788EA683E}"
EndProject
Project("{9A19103F-16F7-4668-BE54-9A1E7A4F7556}") = "Wino.Core", "Wino.Core\Wino.Core.csproj", "{E6B1632A-8901-41E8-9DDF-6793C7698B0B}"
EndProject
Project("{FAE04EC0-301F-11D3-BF4B-00C04F79EFBC}") = "Wino.Core.UWP", "Wino.Core.UWP\Wino.Core.UWP.csproj", "{395F19BA-1E42-495C-9DB5-1A6F537FCCB8}"
EndProject
Project("{9A19103F-16F7-4668-BE54-9A1E7A4F7556}") = "Wino.Core.Domain", "Wino.Core.Domain\Wino.Core.Domain.csproj", "{CF3312E5-5DA0-4867-9945-49EA7598AF1F}"
EndProject
Project("{FAE04EC0-301F-11D3-BF4B-00C04F79EFBC}") = "Wino.BackgroundTasks", "Wino.BackgroundTasks\Wino.BackgroundTasks.csproj", "{D9EF0F59-F5F2-4D6C-A5BA-84043D8F3E08}"
EndProject
Project("{FAE04EC0-301F-11D3-BF4B-00C04F79EFBC}") = "Wino.Calendar", "Wino.Calendar\Wino.Calendar.csproj", "{600F4979-DB7E-409D-B7DA-B60BE4C55C35}"
EndProject
Project("{9A19103F-16F7-4668-BE54-9A1E7A4F7556}") = "Wino.Mail.ViewModels", "Wino.Mail.ViewModels\Wino.Mail.ViewModels.csproj", "{D62F1C03-DA57-4709-A640-0283296A8E66}"
EndProject
Global
	GlobalSection(SolutionConfigurationPlatforms) = preSolution
		Debug|ARM64 = Debug|ARM64
		Debug|x64 = Debug|x64
		Debug|x86 = Debug|x86
		Release|ARM64 = Release|ARM64
		Release|x64 = Release|x64
		Release|x86 = Release|x86
	EndGlobalSection
	GlobalSection(ProjectConfigurationPlatforms) = postSolution
		{68A432B8-C1B7-494C-8D6D-230788EA683E}.Debug|ARM64.ActiveCfg = Debug|ARM64
		{68A432B8-C1B7-494C-8D6D-230788EA683E}.Debug|ARM64.Build.0 = Debug|ARM64
		{68A432B8-C1B7-494C-8D6D-230788EA683E}.Debug|ARM64.Deploy.0 = Debug|ARM64
		{68A432B8-C1B7-494C-8D6D-230788EA683E}.Debug|x64.ActiveCfg = Debug|x64
		{68A432B8-C1B7-494C-8D6D-230788EA683E}.Debug|x64.Build.0 = Debug|x64
		{68A432B8-C1B7-494C-8D6D-230788EA683E}.Debug|x64.Deploy.0 = Debug|x64
		{68A432B8-C1B7-494C-8D6D-230788EA683E}.Debug|x86.ActiveCfg = Debug|x86
		{68A432B8-C1B7-494C-8D6D-230788EA683E}.Debug|x86.Build.0 = Debug|x86
		{68A432B8-C1B7-494C-8D6D-230788EA683E}.Debug|x86.Deploy.0 = Debug|x86
		{68A432B8-C1B7-494C-8D6D-230788EA683E}.Release|ARM64.ActiveCfg = Release|ARM64
		{68A432B8-C1B7-494C-8D6D-230788EA683E}.Release|ARM64.Build.0 = Release|ARM64
		{68A432B8-C1B7-494C-8D6D-230788EA683E}.Release|ARM64.Deploy.0 = Release|ARM64
		{68A432B8-C1B7-494C-8D6D-230788EA683E}.Release|x64.ActiveCfg = Release|x64
		{68A432B8-C1B7-494C-8D6D-230788EA683E}.Release|x64.Build.0 = Release|x64
		{68A432B8-C1B7-494C-8D6D-230788EA683E}.Release|x64.Deploy.0 = Release|x64
		{68A432B8-C1B7-494C-8D6D-230788EA683E}.Release|x86.ActiveCfg = Release|x86
		{68A432B8-C1B7-494C-8D6D-230788EA683E}.Release|x86.Build.0 = Release|x86
		{68A432B8-C1B7-494C-8D6D-230788EA683E}.Release|x86.Deploy.0 = Release|x86
		{E6B1632A-8901-41E8-9DDF-6793C7698B0B}.Debug|ARM64.ActiveCfg = Debug|Any CPU
		{E6B1632A-8901-41E8-9DDF-6793C7698B0B}.Debug|ARM64.Build.0 = Debug|Any CPU
		{E6B1632A-8901-41E8-9DDF-6793C7698B0B}.Debug|x64.ActiveCfg = Debug|Any CPU
		{E6B1632A-8901-41E8-9DDF-6793C7698B0B}.Debug|x64.Build.0 = Debug|Any CPU
		{E6B1632A-8901-41E8-9DDF-6793C7698B0B}.Debug|x86.ActiveCfg = Debug|Any CPU
		{E6B1632A-8901-41E8-9DDF-6793C7698B0B}.Debug|x86.Build.0 = Debug|Any CPU
		{E6B1632A-8901-41E8-9DDF-6793C7698B0B}.Release|ARM64.ActiveCfg = Release|Any CPU
		{E6B1632A-8901-41E8-9DDF-6793C7698B0B}.Release|ARM64.Build.0 = Release|Any CPU
		{E6B1632A-8901-41E8-9DDF-6793C7698B0B}.Release|x64.ActiveCfg = Release|Any CPU
		{E6B1632A-8901-41E8-9DDF-6793C7698B0B}.Release|x64.Build.0 = Release|Any CPU
		{E6B1632A-8901-41E8-9DDF-6793C7698B0B}.Release|x86.ActiveCfg = Release|Any CPU
		{E6B1632A-8901-41E8-9DDF-6793C7698B0B}.Release|x86.Build.0 = Release|Any CPU
		{395F19BA-1E42-495C-9DB5-1A6F537FCCB8}.Debug|ARM64.ActiveCfg = Debug|ARM64
		{395F19BA-1E42-495C-9DB5-1A6F537FCCB8}.Debug|ARM64.Build.0 = Debug|ARM64
		{395F19BA-1E42-495C-9DB5-1A6F537FCCB8}.Debug|x64.ActiveCfg = Debug|x64
		{395F19BA-1E42-495C-9DB5-1A6F537FCCB8}.Debug|x64.Build.0 = Debug|x64
		{395F19BA-1E42-495C-9DB5-1A6F537FCCB8}.Debug|x86.ActiveCfg = Debug|x86
		{395F19BA-1E42-495C-9DB5-1A6F537FCCB8}.Debug|x86.Build.0 = Debug|x86
		{395F19BA-1E42-495C-9DB5-1A6F537FCCB8}.Release|ARM64.ActiveCfg = Release|ARM64
		{395F19BA-1E42-495C-9DB5-1A6F537FCCB8}.Release|ARM64.Build.0 = Release|ARM64
		{395F19BA-1E42-495C-9DB5-1A6F537FCCB8}.Release|x64.ActiveCfg = Release|x64
		{395F19BA-1E42-495C-9DB5-1A6F537FCCB8}.Release|x64.Build.0 = Release|x64
		{395F19BA-1E42-495C-9DB5-1A6F537FCCB8}.Release|x86.ActiveCfg = Release|x86
		{395F19BA-1E42-495C-9DB5-1A6F537FCCB8}.Release|x86.Build.0 = Release|x86
		{CF3312E5-5DA0-4867-9945-49EA7598AF1F}.Debug|ARM64.ActiveCfg = Debug|Any CPU
		{CF3312E5-5DA0-4867-9945-49EA7598AF1F}.Debug|ARM64.Build.0 = Debug|Any CPU
		{CF3312E5-5DA0-4867-9945-49EA7598AF1F}.Debug|x64.ActiveCfg = Debug|Any CPU
		{CF3312E5-5DA0-4867-9945-49EA7598AF1F}.Debug|x64.Build.0 = Debug|Any CPU
		{CF3312E5-5DA0-4867-9945-49EA7598AF1F}.Debug|x86.ActiveCfg = Debug|Any CPU
		{CF3312E5-5DA0-4867-9945-49EA7598AF1F}.Debug|x86.Build.0 = Debug|Any CPU
		{CF3312E5-5DA0-4867-9945-49EA7598AF1F}.Release|ARM64.ActiveCfg = Release|Any CPU
		{CF3312E5-5DA0-4867-9945-49EA7598AF1F}.Release|ARM64.Build.0 = Release|Any CPU
		{CF3312E5-5DA0-4867-9945-49EA7598AF1F}.Release|x64.ActiveCfg = Release|Any CPU
		{CF3312E5-5DA0-4867-9945-49EA7598AF1F}.Release|x64.Build.0 = Release|Any CPU
		{CF3312E5-5DA0-4867-9945-49EA7598AF1F}.Release|x86.ActiveCfg = Release|Any CPU
		{CF3312E5-5DA0-4867-9945-49EA7598AF1F}.Release|x86.Build.0 = Release|Any CPU
		{D9EF0F59-F5F2-4D6C-A5BA-84043D8F3E08}.Debug|ARM64.ActiveCfg = Debug|ARM64
		{D9EF0F59-F5F2-4D6C-A5BA-84043D8F3E08}.Debug|ARM64.Build.0 = Debug|ARM64
		{D9EF0F59-F5F2-4D6C-A5BA-84043D8F3E08}.Debug|x64.ActiveCfg = Debug|x64
		{D9EF0F59-F5F2-4D6C-A5BA-84043D8F3E08}.Debug|x64.Build.0 = Debug|x64
		{D9EF0F59-F5F2-4D6C-A5BA-84043D8F3E08}.Debug|x86.ActiveCfg = Debug|x86
		{D9EF0F59-F5F2-4D6C-A5BA-84043D8F3E08}.Debug|x86.Build.0 = Debug|x86
		{D9EF0F59-F5F2-4D6C-A5BA-84043D8F3E08}.Release|ARM64.ActiveCfg = Release|ARM64
		{D9EF0F59-F5F2-4D6C-A5BA-84043D8F3E08}.Release|ARM64.Build.0 = Release|ARM64
		{D9EF0F59-F5F2-4D6C-A5BA-84043D8F3E08}.Release|x64.ActiveCfg = Release|x64
		{D9EF0F59-F5F2-4D6C-A5BA-84043D8F3E08}.Release|x64.Build.0 = Release|x64
		{D9EF0F59-F5F2-4D6C-A5BA-84043D8F3E08}.Release|x86.ActiveCfg = Release|x86
		{D9EF0F59-F5F2-4D6C-A5BA-84043D8F3E08}.Release|x86.Build.0 = Release|x86
		{600F4979-DB7E-409D-B7DA-B60BE4C55C35}.Debug|ARM64.ActiveCfg = Debug|ARM64
		{600F4979-DB7E-409D-B7DA-B60BE4C55C35}.Debug|ARM64.Build.0 = Debug|ARM64
		{600F4979-DB7E-409D-B7DA-B60BE4C55C35}.Debug|ARM64.Deploy.0 = Debug|ARM64
		{600F4979-DB7E-409D-B7DA-B60BE4C55C35}.Debug|x64.ActiveCfg = Debug|x64
		{600F4979-DB7E-409D-B7DA-B60BE4C55C35}.Debug|x64.Build.0 = Debug|x64
		{600F4979-DB7E-409D-B7DA-B60BE4C55C35}.Debug|x64.Deploy.0 = Debug|x64
		{600F4979-DB7E-409D-B7DA-B60BE4C55C35}.Debug|x86.ActiveCfg = Debug|x86
		{600F4979-DB7E-409D-B7DA-B60BE4C55C35}.Debug|x86.Build.0 = Debug|x86
		{600F4979-DB7E-409D-B7DA-B60BE4C55C35}.Debug|x86.Deploy.0 = Debug|x86
		{600F4979-DB7E-409D-B7DA-B60BE4C55C35}.Release|ARM64.ActiveCfg = Release|ARM64
		{600F4979-DB7E-409D-B7DA-B60BE4C55C35}.Release|ARM64.Build.0 = Release|ARM64
		{600F4979-DB7E-409D-B7DA-B60BE4C55C35}.Release|ARM64.Deploy.0 = Release|ARM64
		{600F4979-DB7E-409D-B7DA-B60BE4C55C35}.Release|x64.ActiveCfg = Release|x64
		{600F4979-DB7E-409D-B7DA-B60BE4C55C35}.Release|x64.Build.0 = Release|x64
		{600F4979-DB7E-409D-B7DA-B60BE4C55C35}.Release|x64.Deploy.0 = Release|x64
		{600F4979-DB7E-409D-B7DA-B60BE4C55C35}.Release|x86.ActiveCfg = Release|x86
		{600F4979-DB7E-409D-B7DA-B60BE4C55C35}.Release|x86.Build.0 = Release|x86
		{600F4979-DB7E-409D-B7DA-B60BE4C55C35}.Release|x86.Deploy.0 = Release|x86
		{D62F1C03-DA57-4709-A640-0283296A8E66}.Debug|ARM64.ActiveCfg = Debug|Any CPU
		{D62F1C03-DA57-4709-A640-0283296A8E66}.Debug|ARM64.Build.0 = Debug|Any CPU
		{D62F1C03-DA57-4709-A640-0283296A8E66}.Debug|x64.ActiveCfg = Debug|Any CPU
		{D62F1C03-DA57-4709-A640-0283296A8E66}.Debug|x64.Build.0 = Debug|Any CPU
		{D62F1C03-DA57-4709-A640-0283296A8E66}.Debug|x86.ActiveCfg = Debug|Any CPU
		{D62F1C03-DA57-4709-A640-0283296A8E66}.Debug|x86.Build.0 = Debug|Any CPU
		{D62F1C03-DA57-4709-A640-0283296A8E66}.Release|ARM64.ActiveCfg = Release|Any CPU
		{D62F1C03-DA57-4709-A640-0283296A8E66}.Release|ARM64.Build.0 = Release|Any CPU
		{D62F1C03-DA57-4709-A640-0283296A8E66}.Release|x64.ActiveCfg = Release|Any CPU
		{D62F1C03-DA57-4709-A640-0283296A8E66}.Release|x64.Build.0 = Release|Any CPU
		{D62F1C03-DA57-4709-A640-0283296A8E66}.Release|x86.ActiveCfg = Release|Any CPU
		{D62F1C03-DA57-4709-A640-0283296A8E66}.Release|x86.Build.0 = Release|Any CPU
	EndGlobalSection
	GlobalSection(SolutionProperties) = preSolution
		HideSolutionNode = FALSE
	EndGlobalSection
	GlobalSection(ExtensibilityGlobals) = postSolution
		SolutionGuid = {721F946E-F69F-4987-823A-D084B436FC1E}
	EndGlobalSection
EndGlobal
