
Microsoft Visual Studio Solution File, Format Version 12.00
# Visual Studio Version 17
VisualStudioVersion = 17.0.32112.339
MinimumVisualStudioVersion = 10.0.40219.1
Project("{FAE04EC0-301F-11D3-BF4B-00C04F79EFBC}") = "Wino.Mail", "Wino.Mail\Wino.Mail.csproj", "{68A432B8-C1B7-494C-8D6D-230788EA683E}"
EndProject
Project("{9A19103F-16F7-4668-BE54-9A1E7A4F7556}") = "Wino.Core", "Wino.Core\Wino.Core.csproj", "{E6B1632A-8901-41E8-9DDF-6793C7698B0B}"
EndProject
Project("{FAE04EC0-301F-11D3-BF4B-00C04F79EFBC}") = "Wino.Core.UWP", "Wino.Core.UWP\Wino.Core.UWP.csproj", "{395F19BA-1E42-495C-9DB5-1A6F537FCCB8}"
EndProject
Project("{9A19103F-16F7-4668-BE54-9A1E7A4F7556}") = "Wino.Core.Domain", "Wino.Core.Domain\Wino.Core.Domain.csproj", "{CF3312E5-5DA0-4867-9945-49EA7598AF1F}"
	ProjectSection(ProjectDependencies) = postProject
		{D4919A19-E70F-4916-83D2-5D5F87BEB949} = {D4919A19-E70F-4916-83D2-5D5F87BEB949}
	EndProjectSection
EndProject
Project("{FAE04EC0-301F-11D3-BF4B-00C04F79EFBC}") = "Wino.BackgroundTasks", "Wino.BackgroundTasks\Wino.BackgroundTasks.csproj", "{D9EF0F59-F5F2-4D6C-A5BA-84043D8F3E08}"
EndProject
Project("{9A19103F-16F7-4668-BE54-9A1E7A4F7556}") = "Wino.Mail.ViewModels", "Wino.Mail.ViewModels\Wino.Mail.ViewModels.csproj", "{D62F1C03-DA57-4709-A640-0283296A8E66}"
EndProject
Project("{9A19103F-16F7-4668-BE54-9A1E7A4F7556}") = "Wino.Messaging", "Wino.Messages\Wino.Messaging.csproj", "{0C307D7E-256F-448C-8265-5622A812FBCC}"
EndProject
Project("{C7167F0D-BC9F-4E6E-AFE1-012C56B48DB5}") = "Wino.Packaging", "Wino.Packaging\Wino.Packaging.wapproj", "{760F5F31-8EE3-4B83-80F3-0E4FFBCC737C}"
EndProject
Project("{9A19103F-16F7-4668-BE54-9A1E7A4F7556}") = "Wino.Server", "Wino.Server\Wino.Server.csproj", "{3D1942E5-1A3B-4062-B4BB-156A40DA47FE}"
EndProject
Project("{2150E333-8FDC-42A3-9474-1A3956D46DE8}") = "lib", "lib", "{17FF5FAE-F1AC-4572-BAA3-8B86F01EA758}"
EndProject
Project("{FAE04EC0-301F-11D3-BF4B-00C04F79EFBC}") = "Wino.SourceGenerators", "Wino.SourceGenerators\Wino.SourceGenerators.csproj", "{D4919A19-E70F-4916-83D2-5D5F87BEB949}"
EndProject
Project("{FAE04EC0-301F-11D3-BF4B-00C04F79EFBC}") = "Wino.Core.ViewModels", "Wino.Core.ViewModels\Wino.Core.ViewModels.csproj", "{53723AE8-7E7E-4D54-ADAB-0A6033255CC8}"
EndProject
Project("{FAE04EC0-301F-11D3-BF4B-00C04F79EFBC}") = "Wino.Calendar.ViewModels", "Wino.Calendar.ViewModels\Wino.Calendar.ViewModels.csproj", "{039AFFA8-C1CC-4E3B-8A31-6814D7557F74}"
EndProject
Project("{FAE04EC0-301F-11D3-BF4B-00C04F79EFBC}") = "Wino.Authentication", "Wino.Authentication\Wino.Authentication.csproj", "{A4DBA01A-F315-49E0-8428-BB99D32B20F9}"
EndProject
Project("{FAE04EC0-301F-11D3-BF4B-00C04F79EFBC}") = "Wino.Calendar", "Wino.Calendar\Wino.Calendar.csproj", "{600F4979-DB7E-409D-B7DA-B60BE4C55C35}"
EndProject
Project("{C7167F0D-BC9F-4E6E-AFE1-012C56B48DB5}") = "Wino.Calendar.Packaging", "Wino.Calendar.Packaging\Wino.Calendar.Packaging.wapproj", "{7485B18C-F5AB-4ABE-BA7F-05B6623C67C8}"
EndProject
Project("{FAE04EC0-301F-11D3-BF4B-00C04F79EFBC}") = "Wino.Services", "Wino.Services\Wino.Services.csproj", "{4000A374-59FE-4400-ACF6-D40473BECD73}"
EndProject
Global
	GlobalSection(SolutionConfigurationPlatforms) = preSolution
		Debug|Any CPU = Debug|Any CPU
		Debug|ARM = Debug|ARM
		Debug|ARM64 = Debug|ARM64
		Debug|x64 = Debug|x64
		Debug|x86 = Debug|x86
		Release|Any CPU = Release|Any CPU
		Release|ARM = Release|ARM
		Release|ARM64 = Release|ARM64
		Release|x64 = Release|x64
		Release|x86 = Release|x86
	EndGlobalSection
	GlobalSection(ProjectConfigurationPlatforms) = postSolution
		{68A432B8-C1B7-494C-8D6D-230788EA683E}.Debug|Any CPU.ActiveCfg = Debug|Any CPU
		{68A432B8-C1B7-494C-8D6D-230788EA683E}.Debug|Any CPU.Build.0 = Debug|Any CPU
		{68A432B8-C1B7-494C-8D6D-230788EA683E}.Debug|Any CPU.Deploy.0 = Debug|Any CPU
		{68A432B8-C1B7-494C-8D6D-230788EA683E}.Debug|ARM.ActiveCfg = Debug|Any CPU
		{68A432B8-C1B7-494C-8D6D-230788EA683E}.Debug|ARM.Build.0 = Debug|Any CPU
		{68A432B8-C1B7-494C-8D6D-230788EA683E}.Debug|ARM.Deploy.0 = Debug|Any CPU
		{68A432B8-C1B7-494C-8D6D-230788EA683E}.Debug|ARM64.ActiveCfg = Debug|ARM64
		{68A432B8-C1B7-494C-8D6D-230788EA683E}.Debug|ARM64.Build.0 = Debug|ARM64
		{68A432B8-C1B7-494C-8D6D-230788EA683E}.Debug|ARM64.Deploy.0 = Debug|ARM64
		{68A432B8-C1B7-494C-8D6D-230788EA683E}.Debug|x64.ActiveCfg = Debug|x64
		{68A432B8-C1B7-494C-8D6D-230788EA683E}.Debug|x64.Build.0 = Debug|x64
		{68A432B8-C1B7-494C-8D6D-230788EA683E}.Debug|x64.Deploy.0 = Debug|x64
		{68A432B8-C1B7-494C-8D6D-230788EA683E}.Debug|x86.ActiveCfg = Debug|x86
		{68A432B8-C1B7-494C-8D6D-230788EA683E}.Debug|x86.Build.0 = Debug|x86
		{68A432B8-C1B7-494C-8D6D-230788EA683E}.Debug|x86.Deploy.0 = Debug|x86
		{68A432B8-C1B7-494C-8D6D-230788EA683E}.Release|Any CPU.ActiveCfg = Release|Any CPU
		{68A432B8-C1B7-494C-8D6D-230788EA683E}.Release|Any CPU.Build.0 = Release|Any CPU
		{68A432B8-C1B7-494C-8D6D-230788EA683E}.Release|Any CPU.Deploy.0 = Release|Any CPU
		{68A432B8-C1B7-494C-8D6D-230788EA683E}.Release|ARM.ActiveCfg = Release|Any CPU
		{68A432B8-C1B7-494C-8D6D-230788EA683E}.Release|ARM.Build.0 = Release|Any CPU
		{68A432B8-C1B7-494C-8D6D-230788EA683E}.Release|ARM.Deploy.0 = Release|Any CPU
		{68A432B8-C1B7-494C-8D6D-230788EA683E}.Release|ARM64.ActiveCfg = Release|ARM64
		{68A432B8-C1B7-494C-8D6D-230788EA683E}.Release|ARM64.Build.0 = Release|ARM64
		{68A432B8-C1B7-494C-8D6D-230788EA683E}.Release|ARM64.Deploy.0 = Release|ARM64
		{68A432B8-C1B7-494C-8D6D-230788EA683E}.Release|x64.ActiveCfg = Release|x64
		{68A432B8-C1B7-494C-8D6D-230788EA683E}.Release|x64.Build.0 = Release|x64
		{68A432B8-C1B7-494C-8D6D-230788EA683E}.Release|x64.Deploy.0 = Release|x64
		{68A432B8-C1B7-494C-8D6D-230788EA683E}.Release|x86.ActiveCfg = Release|x86
		{68A432B8-C1B7-494C-8D6D-230788EA683E}.Release|x86.Build.0 = Release|x86
		{68A432B8-C1B7-494C-8D6D-230788EA683E}.Release|x86.Deploy.0 = Release|x86
		{E6B1632A-8901-41E8-9DDF-6793C7698B0B}.Debug|Any CPU.ActiveCfg = Debug|Any CPU
		{E6B1632A-8901-41E8-9DDF-6793C7698B0B}.Debug|Any CPU.Build.0 = Debug|Any CPU
		{E6B1632A-8901-41E8-9DDF-6793C7698B0B}.Debug|ARM.ActiveCfg = Debug|Any CPU
		{E6B1632A-8901-41E8-9DDF-6793C7698B0B}.Debug|ARM.Build.0 = Debug|Any CPU
		{E6B1632A-8901-41E8-9DDF-6793C7698B0B}.Debug|ARM64.ActiveCfg = Debug|Any CPU
		{E6B1632A-8901-41E8-9DDF-6793C7698B0B}.Debug|ARM64.Build.0 = Debug|Any CPU
		{E6B1632A-8901-41E8-9DDF-6793C7698B0B}.Debug|x64.ActiveCfg = Debug|Any CPU
		{E6B1632A-8901-41E8-9DDF-6793C7698B0B}.Debug|x64.Build.0 = Debug|Any CPU
		{E6B1632A-8901-41E8-9DDF-6793C7698B0B}.Debug|x86.ActiveCfg = Debug|Any CPU
		{E6B1632A-8901-41E8-9DDF-6793C7698B0B}.Debug|x86.Build.0 = Debug|Any CPU
		{E6B1632A-8901-41E8-9DDF-6793C7698B0B}.Release|Any CPU.ActiveCfg = Release|Any CPU
		{E6B1632A-8901-41E8-9DDF-6793C7698B0B}.Release|Any CPU.Build.0 = Release|Any CPU
		{E6B1632A-8901-41E8-9DDF-6793C7698B0B}.Release|ARM.ActiveCfg = Release|Any CPU
		{E6B1632A-8901-41E8-9DDF-6793C7698B0B}.Release|ARM.Build.0 = Release|Any CPU
		{E6B1632A-8901-41E8-9DDF-6793C7698B0B}.Release|ARM64.ActiveCfg = Release|Any CPU
		{E6B1632A-8901-41E8-9DDF-6793C7698B0B}.Release|ARM64.Build.0 = Release|Any CPU
		{E6B1632A-8901-41E8-9DDF-6793C7698B0B}.Release|x64.ActiveCfg = Release|x64
		{E6B1632A-8901-41E8-9DDF-6793C7698B0B}.Release|x64.Build.0 = Release|x64
		{E6B1632A-8901-41E8-9DDF-6793C7698B0B}.Release|x86.ActiveCfg = Release|x86
		{E6B1632A-8901-41E8-9DDF-6793C7698B0B}.Release|x86.Build.0 = Release|x86
		{395F19BA-1E42-495C-9DB5-1A6F537FCCB8}.Debug|Any CPU.ActiveCfg = Debug|x64
		{395F19BA-1E42-495C-9DB5-1A6F537FCCB8}.Debug|Any CPU.Build.0 = Debug|x64
		{395F19BA-1E42-495C-9DB5-1A6F537FCCB8}.Debug|ARM.ActiveCfg = Debug|Any CPU
		{395F19BA-1E42-495C-9DB5-1A6F537FCCB8}.Debug|ARM.Build.0 = Debug|Any CPU
		{395F19BA-1E42-495C-9DB5-1A6F537FCCB8}.Debug|ARM64.ActiveCfg = Debug|ARM64
		{395F19BA-1E42-495C-9DB5-1A6F537FCCB8}.Debug|ARM64.Build.0 = Debug|ARM64
		{395F19BA-1E42-495C-9DB5-1A6F537FCCB8}.Debug|x64.ActiveCfg = Debug|x64
		{395F19BA-1E42-495C-9DB5-1A6F537FCCB8}.Debug|x64.Build.0 = Debug|x64
		{395F19BA-1E42-495C-9DB5-1A6F537FCCB8}.Debug|x86.ActiveCfg = Debug|x86
		{395F19BA-1E42-495C-9DB5-1A6F537FCCB8}.Debug|x86.Build.0 = Debug|x86
		{395F19BA-1E42-495C-9DB5-1A6F537FCCB8}.Release|Any CPU.ActiveCfg = Release|x64
		{395F19BA-1E42-495C-9DB5-1A6F537FCCB8}.Release|Any CPU.Build.0 = Release|x64
		{395F19BA-1E42-495C-9DB5-1A6F537FCCB8}.Release|ARM.ActiveCfg = Release|Any CPU
		{395F19BA-1E42-495C-9DB5-1A6F537FCCB8}.Release|ARM.Build.0 = Release|Any CPU
		{395F19BA-1E42-495C-9DB5-1A6F537FCCB8}.Release|ARM64.ActiveCfg = Release|ARM64
		{395F19BA-1E42-495C-9DB5-1A6F537FCCB8}.Release|ARM64.Build.0 = Release|ARM64
		{395F19BA-1E42-495C-9DB5-1A6F537FCCB8}.Release|x64.ActiveCfg = Release|x64
		{395F19BA-1E42-495C-9DB5-1A6F537FCCB8}.Release|x64.Build.0 = Release|x64
		{395F19BA-1E42-495C-9DB5-1A6F537FCCB8}.Release|x86.ActiveCfg = Release|x86
		{395F19BA-1E42-495C-9DB5-1A6F537FCCB8}.Release|x86.Build.0 = Release|x86
		{CF3312E5-5DA0-4867-9945-49EA7598AF1F}.Debug|Any CPU.ActiveCfg = Debug|Any CPU
		{CF3312E5-5DA0-4867-9945-49EA7598AF1F}.Debug|Any CPU.Build.0 = Debug|Any CPU
		{CF3312E5-5DA0-4867-9945-49EA7598AF1F}.Debug|ARM.ActiveCfg = Debug|Any CPU
		{CF3312E5-5DA0-4867-9945-49EA7598AF1F}.Debug|ARM.Build.0 = Debug|Any CPU
		{CF3312E5-5DA0-4867-9945-49EA7598AF1F}.Debug|ARM64.ActiveCfg = Debug|Any CPU
		{CF3312E5-5DA0-4867-9945-49EA7598AF1F}.Debug|ARM64.Build.0 = Debug|Any CPU
		{CF3312E5-5DA0-4867-9945-49EA7598AF1F}.Debug|x64.ActiveCfg = Debug|Any CPU
		{CF3312E5-5DA0-4867-9945-49EA7598AF1F}.Debug|x64.Build.0 = Debug|Any CPU
		{CF3312E5-5DA0-4867-9945-49EA7598AF1F}.Debug|x86.ActiveCfg = Debug|Any CPU
		{CF3312E5-5DA0-4867-9945-49EA7598AF1F}.Debug|x86.Build.0 = Debug|Any CPU
		{CF3312E5-5DA0-4867-9945-49EA7598AF1F}.Release|Any CPU.ActiveCfg = Release|Any CPU
		{CF3312E5-5DA0-4867-9945-49EA7598AF1F}.Release|Any CPU.Build.0 = Release|Any CPU
		{CF3312E5-5DA0-4867-9945-49EA7598AF1F}.Release|ARM.ActiveCfg = Release|Any CPU
		{CF3312E5-5DA0-4867-9945-49EA7598AF1F}.Release|ARM.Build.0 = Release|Any CPU
		{CF3312E5-5DA0-4867-9945-49EA7598AF1F}.Release|ARM64.ActiveCfg = Release|Any CPU
		{CF3312E5-5DA0-4867-9945-49EA7598AF1F}.Release|ARM64.Build.0 = Release|Any CPU
		{CF3312E5-5DA0-4867-9945-49EA7598AF1F}.Release|x64.ActiveCfg = Release|x64
		{CF3312E5-5DA0-4867-9945-49EA7598AF1F}.Release|x64.Build.0 = Release|x64
		{CF3312E5-5DA0-4867-9945-49EA7598AF1F}.Release|x86.ActiveCfg = Release|x86
		{CF3312E5-5DA0-4867-9945-49EA7598AF1F}.Release|x86.Build.0 = Release|x86
		{D9EF0F59-F5F2-4D6C-A5BA-84043D8F3E08}.Debug|Any CPU.ActiveCfg = Debug|x64
		{D9EF0F59-F5F2-4D6C-A5BA-84043D8F3E08}.Debug|Any CPU.Build.0 = Debug|x64
		{D9EF0F59-F5F2-4D6C-A5BA-84043D8F3E08}.Debug|ARM.ActiveCfg = Debug|x64
		{D9EF0F59-F5F2-4D6C-A5BA-84043D8F3E08}.Debug|ARM.Build.0 = Debug|x64
		{D9EF0F59-F5F2-4D6C-A5BA-84043D8F3E08}.Debug|ARM64.ActiveCfg = Debug|ARM64
		{D9EF0F59-F5F2-4D6C-A5BA-84043D8F3E08}.Debug|ARM64.Build.0 = Debug|ARM64
		{D9EF0F59-F5F2-4D6C-A5BA-84043D8F3E08}.Debug|x64.ActiveCfg = Debug|x64
		{D9EF0F59-F5F2-4D6C-A5BA-84043D8F3E08}.Debug|x64.Build.0 = Debug|x64
		{D9EF0F59-F5F2-4D6C-A5BA-84043D8F3E08}.Debug|x86.ActiveCfg = Debug|x86
		{D9EF0F59-F5F2-4D6C-A5BA-84043D8F3E08}.Debug|x86.Build.0 = Debug|x86
		{D9EF0F59-F5F2-4D6C-A5BA-84043D8F3E08}.Release|Any CPU.ActiveCfg = Release|x64
		{D9EF0F59-F5F2-4D6C-A5BA-84043D8F3E08}.Release|Any CPU.Build.0 = Release|x64
		{D9EF0F59-F5F2-4D6C-A5BA-84043D8F3E08}.Release|ARM.ActiveCfg = Release|x64
		{D9EF0F59-F5F2-4D6C-A5BA-84043D8F3E08}.Release|ARM.Build.0 = Release|x64
		{D9EF0F59-F5F2-4D6C-A5BA-84043D8F3E08}.Release|ARM64.ActiveCfg = Release|ARM64
		{D9EF0F59-F5F2-4D6C-A5BA-84043D8F3E08}.Release|ARM64.Build.0 = Release|ARM64
		{D9EF0F59-F5F2-4D6C-A5BA-84043D8F3E08}.Release|x64.ActiveCfg = Release|x64
		{D9EF0F59-F5F2-4D6C-A5BA-84043D8F3E08}.Release|x64.Build.0 = Release|x64
		{D9EF0F59-F5F2-4D6C-A5BA-84043D8F3E08}.Release|x86.ActiveCfg = Release|x86
		{D9EF0F59-F5F2-4D6C-A5BA-84043D8F3E08}.Release|x86.Build.0 = Release|x86
		{D62F1C03-DA57-4709-A640-0283296A8E66}.Debug|Any CPU.ActiveCfg = Debug|Any CPU
		{D62F1C03-DA57-4709-A640-0283296A8E66}.Debug|Any CPU.Build.0 = Debug|Any CPU
		{D62F1C03-DA57-4709-A640-0283296A8E66}.Debug|ARM.ActiveCfg = Debug|Any CPU
		{D62F1C03-DA57-4709-A640-0283296A8E66}.Debug|ARM.Build.0 = Debug|Any CPU
		{D62F1C03-DA57-4709-A640-0283296A8E66}.Debug|ARM64.ActiveCfg = Debug|Any CPU
		{D62F1C03-DA57-4709-A640-0283296A8E66}.Debug|ARM64.Build.0 = Debug|Any CPU
		{D62F1C03-DA57-4709-A640-0283296A8E66}.Debug|x64.ActiveCfg = Debug|Any CPU
		{D62F1C03-DA57-4709-A640-0283296A8E66}.Debug|x64.Build.0 = Debug|Any CPU
		{D62F1C03-DA57-4709-A640-0283296A8E66}.Debug|x86.ActiveCfg = Debug|Any CPU
		{D62F1C03-DA57-4709-A640-0283296A8E66}.Debug|x86.Build.0 = Debug|Any CPU
		{D62F1C03-DA57-4709-A640-0283296A8E66}.Release|Any CPU.ActiveCfg = Release|Any CPU
		{D62F1C03-DA57-4709-A640-0283296A8E66}.Release|Any CPU.Build.0 = Release|Any CPU
		{D62F1C03-DA57-4709-A640-0283296A8E66}.Release|ARM.ActiveCfg = Release|Any CPU
		{D62F1C03-DA57-4709-A640-0283296A8E66}.Release|ARM.Build.0 = Release|Any CPU
		{D62F1C03-DA57-4709-A640-0283296A8E66}.Release|ARM64.ActiveCfg = Release|Any CPU
		{D62F1C03-DA57-4709-A640-0283296A8E66}.Release|ARM64.Build.0 = Release|Any CPU
		{D62F1C03-DA57-4709-A640-0283296A8E66}.Release|x64.ActiveCfg = Release|x64
		{D62F1C03-DA57-4709-A640-0283296A8E66}.Release|x64.Build.0 = Release|x64
		{D62F1C03-DA57-4709-A640-0283296A8E66}.Release|x86.ActiveCfg = Release|x86
		{D62F1C03-DA57-4709-A640-0283296A8E66}.Release|x86.Build.0 = Release|x86
		{0C307D7E-256F-448C-8265-5622A812FBCC}.Debug|Any CPU.ActiveCfg = Debug|Any CPU
		{0C307D7E-256F-448C-8265-5622A812FBCC}.Debug|Any CPU.Build.0 = Debug|Any CPU
		{0C307D7E-256F-448C-8265-5622A812FBCC}.Debug|ARM.ActiveCfg = Debug|Any CPU
		{0C307D7E-256F-448C-8265-5622A812FBCC}.Debug|ARM.Build.0 = Debug|Any CPU
		{0C307D7E-256F-448C-8265-5622A812FBCC}.Debug|ARM64.ActiveCfg = Debug|Any CPU
		{0C307D7E-256F-448C-8265-5622A812FBCC}.Debug|ARM64.Build.0 = Debug|Any CPU
		{0C307D7E-256F-448C-8265-5622A812FBCC}.Debug|x64.ActiveCfg = Debug|Any CPU
		{0C307D7E-256F-448C-8265-5622A812FBCC}.Debug|x64.Build.0 = Debug|Any CPU
		{0C307D7E-256F-448C-8265-5622A812FBCC}.Debug|x86.ActiveCfg = Debug|Any CPU
		{0C307D7E-256F-448C-8265-5622A812FBCC}.Debug|x86.Build.0 = Debug|Any CPU
		{0C307D7E-256F-448C-8265-5622A812FBCC}.Release|Any CPU.ActiveCfg = Release|Any CPU
		{0C307D7E-256F-448C-8265-5622A812FBCC}.Release|Any CPU.Build.0 = Release|Any CPU
		{0C307D7E-256F-448C-8265-5622A812FBCC}.Release|ARM.ActiveCfg = Release|Any CPU
		{0C307D7E-256F-448C-8265-5622A812FBCC}.Release|ARM.Build.0 = Release|Any CPU
		{0C307D7E-256F-448C-8265-5622A812FBCC}.Release|ARM64.ActiveCfg = Release|Any CPU
		{0C307D7E-256F-448C-8265-5622A812FBCC}.Release|ARM64.Build.0 = Release|Any CPU
		{0C307D7E-256F-448C-8265-5622A812FBCC}.Release|x64.ActiveCfg = Release|x64
		{0C307D7E-256F-448C-8265-5622A812FBCC}.Release|x64.Build.0 = Release|x64
		{0C307D7E-256F-448C-8265-5622A812FBCC}.Release|x86.ActiveCfg = Release|x86
		{0C307D7E-256F-448C-8265-5622A812FBCC}.Release|x86.Build.0 = Release|x86
		{760F5F31-8EE3-4B83-80F3-0E4FFBCC737C}.Debug|Any CPU.ActiveCfg = Debug|x64
		{760F5F31-8EE3-4B83-80F3-0E4FFBCC737C}.Debug|Any CPU.Build.0 = Debug|x64
		{760F5F31-8EE3-4B83-80F3-0E4FFBCC737C}.Debug|Any CPU.Deploy.0 = Debug|x64
		{760F5F31-8EE3-4B83-80F3-0E4FFBCC737C}.Debug|ARM.ActiveCfg = Debug|x64
		{760F5F31-8EE3-4B83-80F3-0E4FFBCC737C}.Debug|ARM.Build.0 = Debug|x64
		{760F5F31-8EE3-4B83-80F3-0E4FFBCC737C}.Debug|ARM.Deploy.0 = Debug|x64
		{760F5F31-8EE3-4B83-80F3-0E4FFBCC737C}.Debug|ARM64.ActiveCfg = Debug|ARM64
		{760F5F31-8EE3-4B83-80F3-0E4FFBCC737C}.Debug|ARM64.Build.0 = Debug|ARM64
		{760F5F31-8EE3-4B83-80F3-0E4FFBCC737C}.Debug|ARM64.Deploy.0 = Debug|ARM64
		{760F5F31-8EE3-4B83-80F3-0E4FFBCC737C}.Debug|x64.ActiveCfg = Debug|x64
		{760F5F31-8EE3-4B83-80F3-0E4FFBCC737C}.Debug|x64.Build.0 = Debug|x64
		{760F5F31-8EE3-4B83-80F3-0E4FFBCC737C}.Debug|x64.Deploy.0 = Debug|x64
		{760F5F31-8EE3-4B83-80F3-0E4FFBCC737C}.Debug|x86.ActiveCfg = Debug|x86
		{760F5F31-8EE3-4B83-80F3-0E4FFBCC737C}.Debug|x86.Build.0 = Debug|x86
		{760F5F31-8EE3-4B83-80F3-0E4FFBCC737C}.Debug|x86.Deploy.0 = Debug|x86
		{760F5F31-8EE3-4B83-80F3-0E4FFBCC737C}.Release|Any CPU.ActiveCfg = Release|x64
		{760F5F31-8EE3-4B83-80F3-0E4FFBCC737C}.Release|Any CPU.Build.0 = Release|x64
		{760F5F31-8EE3-4B83-80F3-0E4FFBCC737C}.Release|Any CPU.Deploy.0 = Release|x64
		{760F5F31-8EE3-4B83-80F3-0E4FFBCC737C}.Release|ARM.ActiveCfg = Release|x64
		{760F5F31-8EE3-4B83-80F3-0E4FFBCC737C}.Release|ARM.Build.0 = Release|x64
		{760F5F31-8EE3-4B83-80F3-0E4FFBCC737C}.Release|ARM.Deploy.0 = Release|x64
		{760F5F31-8EE3-4B83-80F3-0E4FFBCC737C}.Release|ARM64.ActiveCfg = Release|ARM64
		{760F5F31-8EE3-4B83-80F3-0E4FFBCC737C}.Release|ARM64.Build.0 = Release|ARM64
		{760F5F31-8EE3-4B83-80F3-0E4FFBCC737C}.Release|ARM64.Deploy.0 = Release|ARM64
		{760F5F31-8EE3-4B83-80F3-0E4FFBCC737C}.Release|x64.ActiveCfg = Release|x64
		{760F5F31-8EE3-4B83-80F3-0E4FFBCC737C}.Release|x64.Build.0 = Release|x64
		{760F5F31-8EE3-4B83-80F3-0E4FFBCC737C}.Release|x64.Deploy.0 = Release|x64
		{760F5F31-8EE3-4B83-80F3-0E4FFBCC737C}.Release|x86.ActiveCfg = Release|x86
		{760F5F31-8EE3-4B83-80F3-0E4FFBCC737C}.Release|x86.Build.0 = Release|x86
		{760F5F31-8EE3-4B83-80F3-0E4FFBCC737C}.Release|x86.Deploy.0 = Release|x86
		{3D1942E5-1A3B-4062-B4BB-156A40DA47FE}.Debug|Any CPU.ActiveCfg = Debug|x64
		{3D1942E5-1A3B-4062-B4BB-156A40DA47FE}.Debug|Any CPU.Build.0 = Debug|x64
		{3D1942E5-1A3B-4062-B4BB-156A40DA47FE}.Debug|ARM.ActiveCfg = Debug|x64
		{3D1942E5-1A3B-4062-B4BB-156A40DA47FE}.Debug|ARM.Build.0 = Debug|x64
		{3D1942E5-1A3B-4062-B4BB-156A40DA47FE}.Debug|ARM64.ActiveCfg = Debug|ARM64
		{3D1942E5-1A3B-4062-B4BB-156A40DA47FE}.Debug|ARM64.Build.0 = Debug|ARM64
		{3D1942E5-1A3B-4062-B4BB-156A40DA47FE}.Debug|x64.ActiveCfg = Debug|x64
		{3D1942E5-1A3B-4062-B4BB-156A40DA47FE}.Debug|x64.Build.0 = Debug|x64
		{3D1942E5-1A3B-4062-B4BB-156A40DA47FE}.Debug|x86.ActiveCfg = Debug|x86
		{3D1942E5-1A3B-4062-B4BB-156A40DA47FE}.Debug|x86.Build.0 = Debug|x86
		{3D1942E5-1A3B-4062-B4BB-156A40DA47FE}.Release|Any CPU.ActiveCfg = Release|x64
		{3D1942E5-1A3B-4062-B4BB-156A40DA47FE}.Release|Any CPU.Build.0 = Release|x64
		{3D1942E5-1A3B-4062-B4BB-156A40DA47FE}.Release|ARM.ActiveCfg = Release|x64
		{3D1942E5-1A3B-4062-B4BB-156A40DA47FE}.Release|ARM.Build.0 = Release|x64
		{3D1942E5-1A3B-4062-B4BB-156A40DA47FE}.Release|ARM64.ActiveCfg = Release|ARM64
		{3D1942E5-1A3B-4062-B4BB-156A40DA47FE}.Release|ARM64.Build.0 = Release|ARM64
		{3D1942E5-1A3B-4062-B4BB-156A40DA47FE}.Release|x64.ActiveCfg = Release|x64
		{3D1942E5-1A3B-4062-B4BB-156A40DA47FE}.Release|x64.Build.0 = Release|x64
		{3D1942E5-1A3B-4062-B4BB-156A40DA47FE}.Release|x86.ActiveCfg = Release|x86
		{3D1942E5-1A3B-4062-B4BB-156A40DA47FE}.Release|x86.Build.0 = Release|x86
		{D4919A19-E70F-4916-83D2-5D5F87BEB949}.Debug|Any CPU.ActiveCfg = Debug|Any CPU
		{D4919A19-E70F-4916-83D2-5D5F87BEB949}.Debug|Any CPU.Build.0 = Debug|Any CPU
		{D4919A19-E70F-4916-83D2-5D5F87BEB949}.Debug|ARM.ActiveCfg = Debug|Any CPU
		{D4919A19-E70F-4916-83D2-5D5F87BEB949}.Debug|ARM.Build.0 = Debug|Any CPU
		{D4919A19-E70F-4916-83D2-5D5F87BEB949}.Debug|ARM64.ActiveCfg = Debug|Any CPU
		{D4919A19-E70F-4916-83D2-5D5F87BEB949}.Debug|ARM64.Build.0 = Debug|Any CPU
		{D4919A19-E70F-4916-83D2-5D5F87BEB949}.Debug|x64.ActiveCfg = Debug|Any CPU
		{D4919A19-E70F-4916-83D2-5D5F87BEB949}.Debug|x64.Build.0 = Debug|Any CPU
		{D4919A19-E70F-4916-83D2-5D5F87BEB949}.Debug|x86.ActiveCfg = Debug|Any CPU
		{D4919A19-E70F-4916-83D2-5D5F87BEB949}.Debug|x86.Build.0 = Debug|Any CPU
		{D4919A19-E70F-4916-83D2-5D5F87BEB949}.Release|Any CPU.ActiveCfg = Release|Any CPU
		{D4919A19-E70F-4916-83D2-5D5F87BEB949}.Release|Any CPU.Build.0 = Release|Any CPU
		{D4919A19-E70F-4916-83D2-5D5F87BEB949}.Release|ARM.ActiveCfg = Release|Any CPU
		{D4919A19-E70F-4916-83D2-5D5F87BEB949}.Release|ARM.Build.0 = Release|Any CPU
		{D4919A19-E70F-4916-83D2-5D5F87BEB949}.Release|ARM64.ActiveCfg = Release|Any CPU
		{D4919A19-E70F-4916-83D2-5D5F87BEB949}.Release|ARM64.Build.0 = Release|Any CPU
		{D4919A19-E70F-4916-83D2-5D5F87BEB949}.Release|x64.ActiveCfg = Release|Any CPU
		{D4919A19-E70F-4916-83D2-5D5F87BEB949}.Release|x64.Build.0 = Release|Any CPU
		{D4919A19-E70F-4916-83D2-5D5F87BEB949}.Release|x86.ActiveCfg = Release|Any CPU
		{D4919A19-E70F-4916-83D2-5D5F87BEB949}.Release|x86.Build.0 = Release|Any CPU
		{53723AE8-7E7E-4D54-ADAB-0A6033255CC8}.Debug|Any CPU.ActiveCfg = Debug|Any CPU
		{53723AE8-7E7E-4D54-ADAB-0A6033255CC8}.Debug|Any CPU.Build.0 = Debug|Any CPU
		{53723AE8-7E7E-4D54-ADAB-0A6033255CC8}.Debug|ARM.ActiveCfg = Debug|Any CPU
		{53723AE8-7E7E-4D54-ADAB-0A6033255CC8}.Debug|ARM.Build.0 = Debug|Any CPU
		{53723AE8-7E7E-4D54-ADAB-0A6033255CC8}.Debug|ARM64.ActiveCfg = Debug|Any CPU
		{53723AE8-7E7E-4D54-ADAB-0A6033255CC8}.Debug|ARM64.Build.0 = Debug|Any CPU
		{53723AE8-7E7E-4D54-ADAB-0A6033255CC8}.Debug|x64.ActiveCfg = Debug|Any CPU
		{53723AE8-7E7E-4D54-ADAB-0A6033255CC8}.Debug|x64.Build.0 = Debug|Any CPU
		{53723AE8-7E7E-4D54-ADAB-0A6033255CC8}.Debug|x86.ActiveCfg = Debug|Any CPU
		{53723AE8-7E7E-4D54-ADAB-0A6033255CC8}.Debug|x86.Build.0 = Debug|Any CPU
		{53723AE8-7E7E-4D54-ADAB-0A6033255CC8}.Release|Any CPU.ActiveCfg = Release|Any CPU
		{53723AE8-7E7E-4D54-ADAB-0A6033255CC8}.Release|Any CPU.Build.0 = Release|Any CPU
		{53723AE8-7E7E-4D54-ADAB-0A6033255CC8}.Release|ARM.ActiveCfg = Release|Any CPU
		{53723AE8-7E7E-4D54-ADAB-0A6033255CC8}.Release|ARM.Build.0 = Release|Any CPU
		{53723AE8-7E7E-4D54-ADAB-0A6033255CC8}.Release|ARM64.ActiveCfg = Release|Any CPU
		{53723AE8-7E7E-4D54-ADAB-0A6033255CC8}.Release|ARM64.Build.0 = Release|Any CPU
		{53723AE8-7E7E-4D54-ADAB-0A6033255CC8}.Release|x64.ActiveCfg = Release|Any CPU
		{53723AE8-7E7E-4D54-ADAB-0A6033255CC8}.Release|x64.Build.0 = Release|Any CPU
		{53723AE8-7E7E-4D54-ADAB-0A6033255CC8}.Release|x86.ActiveCfg = Release|Any CPU
		{53723AE8-7E7E-4D54-ADAB-0A6033255CC8}.Release|x86.Build.0 = Release|Any CPU
		{039AFFA8-C1CC-4E3B-8A31-6814D7557F74}.Debug|Any CPU.ActiveCfg = Debug|Any CPU
		{039AFFA8-C1CC-4E3B-8A31-6814D7557F74}.Debug|Any CPU.Build.0 = Debug|Any CPU
		{039AFFA8-C1CC-4E3B-8A31-6814D7557F74}.Debug|ARM.ActiveCfg = Debug|Any CPU
		{039AFFA8-C1CC-4E3B-8A31-6814D7557F74}.Debug|ARM.Build.0 = Debug|Any CPU
		{039AFFA8-C1CC-4E3B-8A31-6814D7557F74}.Debug|ARM64.ActiveCfg = Debug|Any CPU
		{039AFFA8-C1CC-4E3B-8A31-6814D7557F74}.Debug|ARM64.Build.0 = Debug|Any CPU
		{039AFFA8-C1CC-4E3B-8A31-6814D7557F74}.Debug|x64.ActiveCfg = Debug|Any CPU
		{039AFFA8-C1CC-4E3B-8A31-6814D7557F74}.Debug|x64.Build.0 = Debug|Any CPU
		{039AFFA8-C1CC-4E3B-8A31-6814D7557F74}.Debug|x86.ActiveCfg = Debug|Any CPU
		{039AFFA8-C1CC-4E3B-8A31-6814D7557F74}.Debug|x86.Build.0 = Debug|Any CPU
		{039AFFA8-C1CC-4E3B-8A31-6814D7557F74}.Release|Any CPU.ActiveCfg = Release|Any CPU
		{039AFFA8-C1CC-4E3B-8A31-6814D7557F74}.Release|Any CPU.Build.0 = Release|Any CPU
		{039AFFA8-C1CC-4E3B-8A31-6814D7557F74}.Release|ARM.ActiveCfg = Release|Any CPU
		{039AFFA8-C1CC-4E3B-8A31-6814D7557F74}.Release|ARM.Build.0 = Release|Any CPU
		{039AFFA8-C1CC-4E3B-8A31-6814D7557F74}.Release|ARM64.ActiveCfg = Release|Any CPU
		{039AFFA8-C1CC-4E3B-8A31-6814D7557F74}.Release|ARM64.Build.0 = Release|Any CPU
		{039AFFA8-C1CC-4E3B-8A31-6814D7557F74}.Release|x64.ActiveCfg = Release|Any CPU
		{039AFFA8-C1CC-4E3B-8A31-6814D7557F74}.Release|x64.Build.0 = Release|Any CPU
		{039AFFA8-C1CC-4E3B-8A31-6814D7557F74}.Release|x86.ActiveCfg = Release|Any CPU
		{039AFFA8-C1CC-4E3B-8A31-6814D7557F74}.Release|x86.Build.0 = Release|Any CPU
		{A4DBA01A-F315-49E0-8428-BB99D32B20F9}.Debug|Any CPU.ActiveCfg = Debug|Any CPU
		{A4DBA01A-F315-49E0-8428-BB99D32B20F9}.Debug|Any CPU.Build.0 = Debug|Any CPU
		{A4DBA01A-F315-49E0-8428-BB99D32B20F9}.Debug|ARM.ActiveCfg = Debug|Any CPU
		{A4DBA01A-F315-49E0-8428-BB99D32B20F9}.Debug|ARM.Build.0 = Debug|Any CPU
		{A4DBA01A-F315-49E0-8428-BB99D32B20F9}.Debug|ARM64.ActiveCfg = Debug|Any CPU
		{A4DBA01A-F315-49E0-8428-BB99D32B20F9}.Debug|ARM64.Build.0 = Debug|Any CPU
		{A4DBA01A-F315-49E0-8428-BB99D32B20F9}.Debug|x64.ActiveCfg = Debug|Any CPU
		{A4DBA01A-F315-49E0-8428-BB99D32B20F9}.Debug|x64.Build.0 = Debug|Any CPU
		{A4DBA01A-F315-49E0-8428-BB99D32B20F9}.Debug|x86.ActiveCfg = Debug|Any CPU
		{A4DBA01A-F315-49E0-8428-BB99D32B20F9}.Debug|x86.Build.0 = Debug|Any CPU
		{A4DBA01A-F315-49E0-8428-BB99D32B20F9}.Release|Any CPU.ActiveCfg = Release|Any CPU
		{A4DBA01A-F315-49E0-8428-BB99D32B20F9}.Release|Any CPU.Build.0 = Release|Any CPU
		{A4DBA01A-F315-49E0-8428-BB99D32B20F9}.Release|ARM.ActiveCfg = Release|Any CPU
		{A4DBA01A-F315-49E0-8428-BB99D32B20F9}.Release|ARM.Build.0 = Release|Any CPU
		{A4DBA01A-F315-49E0-8428-BB99D32B20F9}.Release|ARM64.ActiveCfg = Release|Any CPU
		{A4DBA01A-F315-49E0-8428-BB99D32B20F9}.Release|ARM64.Build.0 = Release|Any CPU
		{A4DBA01A-F315-49E0-8428-BB99D32B20F9}.Release|x64.ActiveCfg = Release|Any CPU
		{A4DBA01A-F315-49E0-8428-BB99D32B20F9}.Release|x64.Build.0 = Release|Any CPU
		{A4DBA01A-F315-49E0-8428-BB99D32B20F9}.Release|x86.ActiveCfg = Release|Any CPU
		{A4DBA01A-F315-49E0-8428-BB99D32B20F9}.Release|x86.Build.0 = Release|Any CPU
		{600F4979-DB7E-409D-B7DA-B60BE4C55C35}.Debug|Any CPU.ActiveCfg = Debug|x64
		{600F4979-DB7E-409D-B7DA-B60BE4C55C35}.Debug|Any CPU.Build.0 = Debug|x64
		{600F4979-DB7E-409D-B7DA-B60BE4C55C35}.Debug|Any CPU.Deploy.0 = Debug|x64
		{600F4979-DB7E-409D-B7DA-B60BE4C55C35}.Debug|ARM.ActiveCfg = Debug|ARM
		{600F4979-DB7E-409D-B7DA-B60BE4C55C35}.Debug|ARM.Build.0 = Debug|ARM
		{600F4979-DB7E-409D-B7DA-B60BE4C55C35}.Debug|ARM.Deploy.0 = Debug|ARM
		{600F4979-DB7E-409D-B7DA-B60BE4C55C35}.Debug|ARM64.ActiveCfg = Debug|ARM64
		{600F4979-DB7E-409D-B7DA-B60BE4C55C35}.Debug|ARM64.Build.0 = Debug|ARM64
		{600F4979-DB7E-409D-B7DA-B60BE4C55C35}.Debug|ARM64.Deploy.0 = Debug|ARM64
		{600F4979-DB7E-409D-B7DA-B60BE4C55C35}.Debug|x64.ActiveCfg = Debug|x64
		{600F4979-DB7E-409D-B7DA-B60BE4C55C35}.Debug|x64.Build.0 = Debug|x64
		{600F4979-DB7E-409D-B7DA-B60BE4C55C35}.Debug|x64.Deploy.0 = Debug|x64
		{600F4979-DB7E-409D-B7DA-B60BE4C55C35}.Debug|x86.ActiveCfg = Debug|x86
		{600F4979-DB7E-409D-B7DA-B60BE4C55C35}.Debug|x86.Build.0 = Debug|x86
		{600F4979-DB7E-409D-B7DA-B60BE4C55C35}.Debug|x86.Deploy.0 = Debug|x86
		{600F4979-DB7E-409D-B7DA-B60BE4C55C35}.Release|Any CPU.ActiveCfg = Release|x64
		{600F4979-DB7E-409D-B7DA-B60BE4C55C35}.Release|Any CPU.Build.0 = Release|x64
		{600F4979-DB7E-409D-B7DA-B60BE4C55C35}.Release|Any CPU.Deploy.0 = Release|x64
		{600F4979-DB7E-409D-B7DA-B60BE4C55C35}.Release|ARM.ActiveCfg = Release|ARM
		{600F4979-DB7E-409D-B7DA-B60BE4C55C35}.Release|ARM.Build.0 = Release|ARM
		{600F4979-DB7E-409D-B7DA-B60BE4C55C35}.Release|ARM.Deploy.0 = Release|ARM
		{600F4979-DB7E-409D-B7DA-B60BE4C55C35}.Release|ARM64.ActiveCfg = Release|ARM64
		{600F4979-DB7E-409D-B7DA-B60BE4C55C35}.Release|ARM64.Build.0 = Release|ARM64
		{600F4979-DB7E-409D-B7DA-B60BE4C55C35}.Release|ARM64.Deploy.0 = Release|ARM64
		{600F4979-DB7E-409D-B7DA-B60BE4C55C35}.Release|x64.ActiveCfg = Release|x64
		{600F4979-DB7E-409D-B7DA-B60BE4C55C35}.Release|x64.Build.0 = Release|x64
		{600F4979-DB7E-409D-B7DA-B60BE4C55C35}.Release|x64.Deploy.0 = Release|x64
		{600F4979-DB7E-409D-B7DA-B60BE4C55C35}.Release|x86.ActiveCfg = Release|x86
		{600F4979-DB7E-409D-B7DA-B60BE4C55C35}.Release|x86.Build.0 = Release|x86
		{600F4979-DB7E-409D-B7DA-B60BE4C55C35}.Release|x86.Deploy.0 = Release|x86
		{7485B18C-F5AB-4ABE-BA7F-05B6623C67C8}.Debug|Any CPU.ActiveCfg = Debug|Any CPU
		{7485B18C-F5AB-4ABE-BA7F-05B6623C67C8}.Debug|Any CPU.Build.0 = Debug|Any CPU
		{7485B18C-F5AB-4ABE-BA7F-05B6623C67C8}.Debug|Any CPU.Deploy.0 = Debug|Any CPU
		{7485B18C-F5AB-4ABE-BA7F-05B6623C67C8}.Debug|ARM.ActiveCfg = Debug|ARM
		{7485B18C-F5AB-4ABE-BA7F-05B6623C67C8}.Debug|ARM.Build.0 = Debug|ARM
		{7485B18C-F5AB-4ABE-BA7F-05B6623C67C8}.Debug|ARM.Deploy.0 = Debug|ARM
		{7485B18C-F5AB-4ABE-BA7F-05B6623C67C8}.Debug|ARM64.ActiveCfg = Debug|ARM64
		{7485B18C-F5AB-4ABE-BA7F-05B6623C67C8}.Debug|ARM64.Build.0 = Debug|ARM64
		{7485B18C-F5AB-4ABE-BA7F-05B6623C67C8}.Debug|ARM64.Deploy.0 = Debug|ARM64
		{7485B18C-F5AB-4ABE-BA7F-05B6623C67C8}.Debug|x64.ActiveCfg = Debug|x64
		{7485B18C-F5AB-4ABE-BA7F-05B6623C67C8}.Debug|x64.Build.0 = Debug|x64
		{7485B18C-F5AB-4ABE-BA7F-05B6623C67C8}.Debug|x64.Deploy.0 = Debug|x64
		{7485B18C-F5AB-4ABE-BA7F-05B6623C67C8}.Debug|x86.ActiveCfg = Debug|x86
		{7485B18C-F5AB-4ABE-BA7F-05B6623C67C8}.Debug|x86.Build.0 = Debug|x86
		{7485B18C-F5AB-4ABE-BA7F-05B6623C67C8}.Debug|x86.Deploy.0 = Debug|x86
		{7485B18C-F5AB-4ABE-BA7F-05B6623C67C8}.Release|Any CPU.ActiveCfg = Release|Any CPU
		{7485B18C-F5AB-4ABE-BA7F-05B6623C67C8}.Release|Any CPU.Build.0 = Release|Any CPU
		{7485B18C-F5AB-4ABE-BA7F-05B6623C67C8}.Release|Any CPU.Deploy.0 = Release|Any CPU
		{7485B18C-F5AB-4ABE-BA7F-05B6623C67C8}.Release|ARM.ActiveCfg = Release|ARM
		{7485B18C-F5AB-4ABE-BA7F-05B6623C67C8}.Release|ARM.Build.0 = Release|ARM
		{7485B18C-F5AB-4ABE-BA7F-05B6623C67C8}.Release|ARM.Deploy.0 = Release|ARM
		{7485B18C-F5AB-4ABE-BA7F-05B6623C67C8}.Release|ARM64.ActiveCfg = Release|ARM64
		{7485B18C-F5AB-4ABE-BA7F-05B6623C67C8}.Release|ARM64.Build.0 = Release|ARM64
		{7485B18C-F5AB-4ABE-BA7F-05B6623C67C8}.Release|ARM64.Deploy.0 = Release|ARM64
		{7485B18C-F5AB-4ABE-BA7F-05B6623C67C8}.Release|x64.ActiveCfg = Release|x64
		{7485B18C-F5AB-4ABE-BA7F-05B6623C67C8}.Release|x64.Build.0 = Release|x64
		{7485B18C-F5AB-4ABE-BA7F-05B6623C67C8}.Release|x64.Deploy.0 = Release|x64
		{7485B18C-F5AB-4ABE-BA7F-05B6623C67C8}.Release|x86.ActiveCfg = Release|x86
		{7485B18C-F5AB-4ABE-BA7F-05B6623C67C8}.Release|x86.Build.0 = Release|x86
		{7485B18C-F5AB-4ABE-BA7F-05B6623C67C8}.Release|x86.Deploy.0 = Release|x86
		{4000A374-59FE-4400-ACF6-D40473BECD73}.Debug|Any CPU.ActiveCfg = Debug|Any CPU
		{4000A374-59FE-4400-ACF6-D40473BECD73}.Debug|Any CPU.Build.0 = Debug|Any CPU
		{4000A374-59FE-4400-ACF6-D40473BECD73}.Debug|ARM.ActiveCfg = Debug|Any CPU
		{4000A374-59FE-4400-ACF6-D40473BECD73}.Debug|ARM.Build.0 = Debug|Any CPU
		{4000A374-59FE-4400-ACF6-D40473BECD73}.Debug|ARM64.ActiveCfg = Debug|Any CPU
		{4000A374-59FE-4400-ACF6-D40473BECD73}.Debug|ARM64.Build.0 = Debug|Any CPU
		{4000A374-59FE-4400-ACF6-D40473BECD73}.Debug|x64.ActiveCfg = Debug|Any CPU
		{4000A374-59FE-4400-ACF6-D40473BECD73}.Debug|x64.Build.0 = Debug|Any CPU
		{4000A374-59FE-4400-ACF6-D40473BECD73}.Debug|x86.ActiveCfg = Debug|Any CPU
		{4000A374-59FE-4400-ACF6-D40473BECD73}.Debug|x86.Build.0 = Debug|Any CPU
		{4000A374-59FE-4400-ACF6-D40473BECD73}.Release|Any CPU.ActiveCfg = Release|Any CPU
		{4000A374-59FE-4400-ACF6-D40473BECD73}.Release|Any CPU.Build.0 = Release|Any CPU
		{4000A374-59FE-4400-ACF6-D40473BECD73}.Release|ARM.ActiveCfg = Release|Any CPU
		{4000A374-59FE-4400-ACF6-D40473BECD73}.Release|ARM.Build.0 = Release|Any CPU
		{4000A374-59FE-4400-ACF6-D40473BECD73}.Release|ARM64.ActiveCfg = Release|Any CPU
		{4000A374-59FE-4400-ACF6-D40473BECD73}.Release|ARM64.Build.0 = Release|Any CPU
		{4000A374-59FE-4400-ACF6-D40473BECD73}.Release|x64.ActiveCfg = Release|Any CPU
		{4000A374-59FE-4400-ACF6-D40473BECD73}.Release|x64.Build.0 = Release|Any CPU
		{4000A374-59FE-4400-ACF6-D40473BECD73}.Release|x86.ActiveCfg = Release|Any CPU
		{4000A374-59FE-4400-ACF6-D40473BECD73}.Release|x86.Build.0 = Release|Any CPU
	EndGlobalSection
	GlobalSection(SolutionProperties) = preSolution
		HideSolutionNode = FALSE
	EndGlobalSection
	GlobalSection(NestedProjects) = preSolution
		{E6B1632A-8901-41E8-9DDF-6793C7698B0B} = {17FF5FAE-F1AC-4572-BAA3-8B86F01EA758}
		{395F19BA-1E42-495C-9DB5-1A6F537FCCB8} = {17FF5FAE-F1AC-4572-BAA3-8B86F01EA758}
		{CF3312E5-5DA0-4867-9945-49EA7598AF1F} = {17FF5FAE-F1AC-4572-BAA3-8B86F01EA758}
		{D9EF0F59-F5F2-4D6C-A5BA-84043D8F3E08} = {17FF5FAE-F1AC-4572-BAA3-8B86F01EA758}
		{D62F1C03-DA57-4709-A640-0283296A8E66} = {17FF5FAE-F1AC-4572-BAA3-8B86F01EA758}
		{0C307D7E-256F-448C-8265-5622A812FBCC} = {17FF5FAE-F1AC-4572-BAA3-8B86F01EA758}
		{D4919A19-E70F-4916-83D2-5D5F87BEB949} = {17FF5FAE-F1AC-4572-BAA3-8B86F01EA758}
		{53723AE8-7E7E-4D54-ADAB-0A6033255CC8} = {17FF5FAE-F1AC-4572-BAA3-8B86F01EA758}
		{039AFFA8-C1CC-4E3B-8A31-6814D7557F74} = {17FF5FAE-F1AC-4572-BAA3-8B86F01EA758}
		{A4DBA01A-F315-49E0-8428-BB99D32B20F9} = {17FF5FAE-F1AC-4572-BAA3-8B86F01EA758}
		{4000A374-59FE-4400-ACF6-D40473BECD73} = {17FF5FAE-F1AC-4572-BAA3-8B86F01EA758}
	EndGlobalSection
	GlobalSection(ExtensibilityGlobals) = postSolution
		SolutionGuid = {721F946E-F69F-4987-823A-D084B436FC1E}
	EndGlobalSection
EndGlobal
