
Microsoft Visual Studio Solution File, Format Version 12.00
# Visual Studio Version 17
VisualStudioVersion = 17.11.35111.106
MinimumVisualStudioVersion = 10.0.40219.1
Project("{2150E333-8FDC-42A3-9474-1A3956D46DE8}") = "lib", "lib", "{A30F530C-B42B-4C80-B709-775FC1617380}"
EndProject
Project("{9A19103F-16F7-4668-BE54-9A1E7A4F7556}") = "Wino.Core.Domain", "Wino.Core.Domain\Wino.Core.Domain.csproj", "{A6A3574C-E120-4387-BF56-EE20C29CE5AB}"
EndProject
Project("{9A19103F-16F7-4668-BE54-9A1E7A4F7556}") = "Wino.Messaging", "Wino.Messages\Wino.Messaging.csproj", "{217E4E4A-135F-4D5B-981B-09C7592D0E65}"
EndProject
Project("{9A19103F-16F7-4668-BE54-9A1E7A4F7556}") = "Wino.Core", "Wino.Core\Wino.Core.csproj", "{8EFCF883-99E1-45B3-9842-1510C1A08BFA}"
EndProject
Project("{9A19103F-16F7-4668-BE54-9A1E7A4F7556}") = "Wino.Shared", "Wino.Core.UWP\Wino.Shared.csproj", "{ACF8D522-157C-4372-B161-385C6884EB85}"
EndProject
Project("{9A19103F-16F7-4668-BE54-9A1E7A4F7556}") = "Wino.Mail.ViewModels", "Wino.Mail.ViewModels\Wino.Mail.ViewModels.csproj", "{366AAC9F-04AE-4B26-8636-429FE3D90CA5}"
EndProject
Project("{9A19103F-16F7-4668-BE54-9A1E7A4F7556}") = "Wino.Mail", "Wino.Mail\Wino.Mail.csproj", "{6D49DBE1-BEDF-4AAE-BE7C-2CC4D7DBF002}"
EndProject
Project("{C7167F0D-BC9F-4E6E-AFE1-012C56B48DB5}") = "Wino.Packaging", "Wino.Packaging\Wino.Packaging.wapproj", "{FD8CEA2F-7741-426A-934F-4A20465A79F6}"
EndProject
Project("{9A19103F-16F7-4668-BE54-9A1E7A4F7556}") = "Wino.Server", "Wino.Server\Wino.Server.csproj", "{C4D62168-8A08-425B-A650-536F6FFF1FE5}"
EndProject
Global
	GlobalSection(SolutionConfigurationPlatforms) = preSolution
		Debug|Any CPU = Debug|Any CPU
		Debug|ARM = Debug|ARM
		Debug|ARM64 = Debug|ARM64
		Debug|x64 = Debug|x64
		Debug|x86 = Debug|x86
		Release|Any CPU = Release|Any CPU
		Release|ARM = Release|ARM
		Release|ARM64 = Release|ARM64
		Release|x64 = Release|x64
		Release|x86 = Release|x86
	EndGlobalSection
	GlobalSection(ProjectConfigurationPlatforms) = postSolution
		{A6A3574C-E120-4387-BF56-EE20C29CE5AB}.Debug|Any CPU.ActiveCfg = Debug|Any CPU
		{A6A3574C-E120-4387-BF56-EE20C29CE5AB}.Debug|Any CPU.Build.0 = Debug|Any CPU
		{A6A3574C-E120-4387-BF56-EE20C29CE5AB}.Debug|ARM.ActiveCfg = Debug|Any CPU
		{A6A3574C-E120-4387-BF56-EE20C29CE5AB}.Debug|ARM.Build.0 = Debug|Any CPU
		{A6A3574C-E120-4387-BF56-EE20C29CE5AB}.Debug|ARM64.ActiveCfg = Debug|Any CPU
		{A6A3574C-E120-4387-BF56-EE20C29CE5AB}.Debug|ARM64.Build.0 = Debug|Any CPU
		{A6A3574C-E120-4387-BF56-EE20C29CE5AB}.Debug|x64.ActiveCfg = Debug|Any CPU
		{A6A3574C-E120-4387-BF56-EE20C29CE5AB}.Debug|x64.Build.0 = Debug|Any CPU
		{A6A3574C-E120-4387-BF56-EE20C29CE5AB}.Debug|x86.ActiveCfg = Debug|Any CPU
		{A6A3574C-E120-4387-BF56-EE20C29CE5AB}.Debug|x86.Build.0 = Debug|Any CPU
		{A6A3574C-E120-4387-BF56-EE20C29CE5AB}.Release|Any CPU.ActiveCfg = Release|Any CPU
		{A6A3574C-E120-4387-BF56-EE20C29CE5AB}.Release|Any CPU.Build.0 = Release|Any CPU
		{A6A3574C-E120-4387-BF56-EE20C29CE5AB}.Release|ARM.ActiveCfg = Release|Any CPU
		{A6A3574C-E120-4387-BF56-EE20C29CE5AB}.Release|ARM.Build.0 = Release|Any CPU
		{A6A3574C-E120-4387-BF56-EE20C29CE5AB}.Release|ARM64.ActiveCfg = Release|Any CPU
		{A6A3574C-E120-4387-BF56-EE20C29CE5AB}.Release|ARM64.Build.0 = Release|Any CPU
		{A6A3574C-E120-4387-BF56-EE20C29CE5AB}.Release|x64.ActiveCfg = Release|Any CPU
		{A6A3574C-E120-4387-BF56-EE20C29CE5AB}.Release|x64.Build.0 = Release|Any CPU
		{A6A3574C-E120-4387-BF56-EE20C29CE5AB}.Release|x86.ActiveCfg = Release|Any CPU
		{A6A3574C-E120-4387-BF56-EE20C29CE5AB}.Release|x86.Build.0 = Release|Any CPU
		{217E4E4A-135F-4D5B-981B-09C7592D0E65}.Debug|Any CPU.ActiveCfg = Debug|Any CPU
		{217E4E4A-135F-4D5B-981B-09C7592D0E65}.Debug|Any CPU.Build.0 = Debug|Any CPU
		{217E4E4A-135F-4D5B-981B-09C7592D0E65}.Debug|ARM.ActiveCfg = Debug|Any CPU
		{217E4E4A-135F-4D5B-981B-09C7592D0E65}.Debug|ARM.Build.0 = Debug|Any CPU
		{217E4E4A-135F-4D5B-981B-09C7592D0E65}.Debug|ARM64.ActiveCfg = Debug|Any CPU
		{217E4E4A-135F-4D5B-981B-09C7592D0E65}.Debug|ARM64.Build.0 = Debug|Any CPU
		{217E4E4A-135F-4D5B-981B-09C7592D0E65}.Debug|x64.ActiveCfg = Debug|Any CPU
		{217E4E4A-135F-4D5B-981B-09C7592D0E65}.Debug|x64.Build.0 = Debug|Any CPU
		{217E4E4A-135F-4D5B-981B-09C7592D0E65}.Debug|x86.ActiveCfg = Debug|Any CPU
		{217E4E4A-135F-4D5B-981B-09C7592D0E65}.Debug|x86.Build.0 = Debug|Any CPU
		{217E4E4A-135F-4D5B-981B-09C7592D0E65}.Release|Any CPU.ActiveCfg = Release|Any CPU
		{217E4E4A-135F-4D5B-981B-09C7592D0E65}.Release|Any CPU.Build.0 = Release|Any CPU
		{217E4E4A-135F-4D5B-981B-09C7592D0E65}.Release|ARM.ActiveCfg = Release|Any CPU
		{217E4E4A-135F-4D5B-981B-09C7592D0E65}.Release|ARM.Build.0 = Release|Any CPU
		{217E4E4A-135F-4D5B-981B-09C7592D0E65}.Release|ARM64.ActiveCfg = Release|Any CPU
		{217E4E4A-135F-4D5B-981B-09C7592D0E65}.Release|ARM64.Build.0 = Release|Any CPU
		{217E4E4A-135F-4D5B-981B-09C7592D0E65}.Release|x64.ActiveCfg = Release|Any CPU
		{217E4E4A-135F-4D5B-981B-09C7592D0E65}.Release|x64.Build.0 = Release|Any CPU
		{217E4E4A-135F-4D5B-981B-09C7592D0E65}.Release|x86.ActiveCfg = Release|Any CPU
		{217E4E4A-135F-4D5B-981B-09C7592D0E65}.Release|x86.Build.0 = Release|Any CPU
		{8EFCF883-99E1-45B3-9842-1510C1A08BFA}.Debug|Any CPU.ActiveCfg = Debug|Any CPU
		{8EFCF883-99E1-45B3-9842-1510C1A08BFA}.Debug|Any CPU.Build.0 = Debug|Any CPU
		{8EFCF883-99E1-45B3-9842-1510C1A08BFA}.Debug|ARM.ActiveCfg = Debug|Any CPU
		{8EFCF883-99E1-45B3-9842-1510C1A08BFA}.Debug|ARM.Build.0 = Debug|Any CPU
		{8EFCF883-99E1-45B3-9842-1510C1A08BFA}.Debug|ARM64.ActiveCfg = Debug|Any CPU
		{8EFCF883-99E1-45B3-9842-1510C1A08BFA}.Debug|ARM64.Build.0 = Debug|Any CPU
		{8EFCF883-99E1-45B3-9842-1510C1A08BFA}.Debug|x64.ActiveCfg = Debug|Any CPU
		{8EFCF883-99E1-45B3-9842-1510C1A08BFA}.Debug|x64.Build.0 = Debug|Any CPU
		{8EFCF883-99E1-45B3-9842-1510C1A08BFA}.Debug|x86.ActiveCfg = Debug|Any CPU
		{8EFCF883-99E1-45B3-9842-1510C1A08BFA}.Debug|x86.Build.0 = Debug|Any CPU
		{8EFCF883-99E1-45B3-9842-1510C1A08BFA}.Release|Any CPU.ActiveCfg = Release|Any CPU
		{8EFCF883-99E1-45B3-9842-1510C1A08BFA}.Release|Any CPU.Build.0 = Release|Any CPU
		{8EFCF883-99E1-45B3-9842-1510C1A08BFA}.Release|ARM.ActiveCfg = Release|Any CPU
		{8EFCF883-99E1-45B3-9842-1510C1A08BFA}.Release|ARM.Build.0 = Release|Any CPU
		{8EFCF883-99E1-45B3-9842-1510C1A08BFA}.Release|ARM64.ActiveCfg = Release|Any CPU
		{8EFCF883-99E1-45B3-9842-1510C1A08BFA}.Release|ARM64.Build.0 = Release|Any CPU
		{8EFCF883-99E1-45B3-9842-1510C1A08BFA}.Release|x64.ActiveCfg = Release|Any CPU
		{8EFCF883-99E1-45B3-9842-1510C1A08BFA}.Release|x64.Build.0 = Release|Any CPU
		{8EFCF883-99E1-45B3-9842-1510C1A08BFA}.Release|x86.ActiveCfg = Release|Any CPU
		{8EFCF883-99E1-45B3-9842-1510C1A08BFA}.Release|x86.Build.0 = Release|Any CPU
		{ACF8D522-157C-4372-B161-385C6884EB85}.Debug|Any CPU.ActiveCfg = Debug|Any CPU
		{ACF8D522-157C-4372-B161-385C6884EB85}.Debug|Any CPU.Build.0 = Debug|Any CPU
		{ACF8D522-157C-4372-B161-385C6884EB85}.Debug|ARM.ActiveCfg = Debug|Any CPU
		{ACF8D522-157C-4372-B161-385C6884EB85}.Debug|ARM.Build.0 = Debug|Any CPU
		{ACF8D522-157C-4372-B161-385C6884EB85}.Debug|ARM64.ActiveCfg = Debug|Any CPU
		{ACF8D522-157C-4372-B161-385C6884EB85}.Debug|ARM64.Build.0 = Debug|Any CPU
		{ACF8D522-157C-4372-B161-385C6884EB85}.Debug|x64.ActiveCfg = Debug|Any CPU
		{ACF8D522-157C-4372-B161-385C6884EB85}.Debug|x64.Build.0 = Debug|Any CPU
		{ACF8D522-157C-4372-B161-385C6884EB85}.Debug|x86.ActiveCfg = Debug|Any CPU
		{ACF8D522-157C-4372-B161-385C6884EB85}.Debug|x86.Build.0 = Debug|Any CPU
		{ACF8D522-157C-4372-B161-385C6884EB85}.Release|Any CPU.ActiveCfg = Release|Any CPU
		{ACF8D522-157C-4372-B161-385C6884EB85}.Release|Any CPU.Build.0 = Release|Any CPU
		{ACF8D522-157C-4372-B161-385C6884EB85}.Release|ARM.ActiveCfg = Release|Any CPU
		{ACF8D522-157C-4372-B161-385C6884EB85}.Release|ARM.Build.0 = Release|Any CPU
		{ACF8D522-157C-4372-B161-385C6884EB85}.Release|ARM64.ActiveCfg = Release|Any CPU
		{ACF8D522-157C-4372-B161-385C6884EB85}.Release|ARM64.Build.0 = Release|Any CPU
		{ACF8D522-157C-4372-B161-385C6884EB85}.Release|x64.ActiveCfg = Release|Any CPU
		{ACF8D522-157C-4372-B161-385C6884EB85}.Release|x64.Build.0 = Release|Any CPU
		{ACF8D522-157C-4372-B161-385C6884EB85}.Release|x86.ActiveCfg = Release|Any CPU
		{ACF8D522-157C-4372-B161-385C6884EB85}.Release|x86.Build.0 = Release|Any CPU
		{366AAC9F-04AE-4B26-8636-429FE3D90CA5}.Debug|Any CPU.ActiveCfg = Debug|Any CPU
		{366AAC9F-04AE-4B26-8636-429FE3D90CA5}.Debug|Any CPU.Build.0 = Debug|Any CPU
		{366AAC9F-04AE-4B26-8636-429FE3D90CA5}.Debug|ARM.ActiveCfg = Debug|Any CPU
		{366AAC9F-04AE-4B26-8636-429FE3D90CA5}.Debug|ARM.Build.0 = Debug|Any CPU
		{366AAC9F-04AE-4B26-8636-429FE3D90CA5}.Debug|ARM64.ActiveCfg = Debug|Any CPU
		{366AAC9F-04AE-4B26-8636-429FE3D90CA5}.Debug|ARM64.Build.0 = Debug|Any CPU
		{366AAC9F-04AE-4B26-8636-429FE3D90CA5}.Debug|x64.ActiveCfg = Debug|Any CPU
		{366AAC9F-04AE-4B26-8636-429FE3D90CA5}.Debug|x64.Build.0 = Debug|Any CPU
		{366AAC9F-04AE-4B26-8636-429FE3D90CA5}.Debug|x86.ActiveCfg = Debug|Any CPU
		{366AAC9F-04AE-4B26-8636-429FE3D90CA5}.Debug|x86.Build.0 = Debug|Any CPU
		{366AAC9F-04AE-4B26-8636-429FE3D90CA5}.Release|Any CPU.ActiveCfg = Release|Any CPU
		{366AAC9F-04AE-4B26-8636-429FE3D90CA5}.Release|Any CPU.Build.0 = Release|Any CPU
		{366AAC9F-04AE-4B26-8636-429FE3D90CA5}.Release|ARM.ActiveCfg = Release|Any CPU
		{366AAC9F-04AE-4B26-8636-429FE3D90CA5}.Release|ARM.Build.0 = Release|Any CPU
		{366AAC9F-04AE-4B26-8636-429FE3D90CA5}.Release|ARM64.ActiveCfg = Release|Any CPU
		{366AAC9F-04AE-4B26-8636-429FE3D90CA5}.Release|ARM64.Build.0 = Release|Any CPU
		{366AAC9F-04AE-4B26-8636-429FE3D90CA5}.Release|x64.ActiveCfg = Release|Any CPU
		{366AAC9F-04AE-4B26-8636-429FE3D90CA5}.Release|x64.Build.0 = Release|Any CPU
		{366AAC9F-04AE-4B26-8636-429FE3D90CA5}.Release|x86.ActiveCfg = Release|Any CPU
		{366AAC9F-04AE-4B26-8636-429FE3D90CA5}.Release|x86.Build.0 = Release|Any CPU
		{6D49DBE1-BEDF-4AAE-BE7C-2CC4D7DBF002}.Debug|Any CPU.ActiveCfg = Debug|x64
		{6D49DBE1-BEDF-4AAE-BE7C-2CC4D7DBF002}.Debug|Any CPU.Build.0 = Debug|x64
		{6D49DBE1-BEDF-4AAE-BE7C-2CC4D7DBF002}.Debug|ARM.ActiveCfg = Debug|x64
		{6D49DBE1-BEDF-4AAE-BE7C-2CC4D7DBF002}.Debug|ARM.Build.0 = Debug|x64
		{6D49DBE1-BEDF-4AAE-BE7C-2CC4D7DBF002}.Debug|ARM64.ActiveCfg = Debug|ARM64
		{6D49DBE1-BEDF-4AAE-BE7C-2CC4D7DBF002}.Debug|ARM64.Build.0 = Debug|ARM64
		{6D49DBE1-BEDF-4AAE-BE7C-2CC4D7DBF002}.Debug|x64.ActiveCfg = Debug|x64
		{6D49DBE1-BEDF-4AAE-BE7C-2CC4D7DBF002}.Debug|x64.Build.0 = Debug|x64
		{6D49DBE1-BEDF-4AAE-BE7C-2CC4D7DBF002}.Debug|x86.ActiveCfg = Debug|x86
		{6D49DBE1-BEDF-4AAE-BE7C-2CC4D7DBF002}.Debug|x86.Build.0 = Debug|x86
		{6D49DBE1-BEDF-4AAE-BE7C-2CC4D7DBF002}.Release|Any CPU.ActiveCfg = Release|x64
		{6D49DBE1-BEDF-4AAE-BE7C-2CC4D7DBF002}.Release|Any CPU.Build.0 = Release|x64
		{6D49DBE1-BEDF-4AAE-BE7C-2CC4D7DBF002}.Release|ARM.ActiveCfg = Release|x64
		{6D49DBE1-BEDF-4AAE-BE7C-2CC4D7DBF002}.Release|ARM.Build.0 = Release|x64
		{6D49DBE1-BEDF-4AAE-BE7C-2CC4D7DBF002}.Release|ARM64.ActiveCfg = Release|ARM64
		{6D49DBE1-BEDF-4AAE-BE7C-2CC4D7DBF002}.Release|ARM64.Build.0 = Release|ARM64
		{6D49DBE1-BEDF-4AAE-BE7C-2CC4D7DBF002}.Release|x64.ActiveCfg = Release|x64
		{6D49DBE1-BEDF-4AAE-BE7C-2CC4D7DBF002}.Release|x64.Build.0 = Release|x64
		{6D49DBE1-BEDF-4AAE-BE7C-2CC4D7DBF002}.Release|x86.ActiveCfg = Release|x86
		{6D49DBE1-BEDF-4AAE-BE7C-2CC4D7DBF002}.Release|x86.Build.0 = Release|x86
		{FD8CEA2F-7741-426A-934F-4A20465A79F6}.Debug|Any CPU.ActiveCfg = Debug|Any CPU
		{FD8CEA2F-7741-426A-934F-4A20465A79F6}.Debug|Any CPU.Build.0 = Debug|Any CPU
		{FD8CEA2F-7741-426A-934F-4A20465A79F6}.Debug|Any CPU.Deploy.0 = Debug|Any CPU
		{FD8CEA2F-7741-426A-934F-4A20465A79F6}.Debug|ARM.ActiveCfg = Debug|ARM
		{FD8CEA2F-7741-426A-934F-4A20465A79F6}.Debug|ARM.Build.0 = Debug|ARM
		{FD8CEA2F-7741-426A-934F-4A20465A79F6}.Debug|ARM.Deploy.0 = Debug|ARM
		{FD8CEA2F-7741-426A-934F-4A20465A79F6}.Debug|ARM64.ActiveCfg = Debug|ARM64
		{FD8CEA2F-7741-426A-934F-4A20465A79F6}.Debug|ARM64.Build.0 = Debug|ARM64
		{FD8CEA2F-7741-426A-934F-4A20465A79F6}.Debug|ARM64.Deploy.0 = Debug|ARM64
		{FD8CEA2F-7741-426A-934F-4A20465A79F6}.Debug|x64.ActiveCfg = Debug|x64
		{FD8CEA2F-7741-426A-934F-4A20465A79F6}.Debug|x64.Build.0 = Debug|x64
		{FD8CEA2F-7741-426A-934F-4A20465A79F6}.Debug|x64.Deploy.0 = Debug|x64
		{FD8CEA2F-7741-426A-934F-4A20465A79F6}.Debug|x86.ActiveCfg = Debug|x86
		{FD8CEA2F-7741-426A-934F-4A20465A79F6}.Debug|x86.Build.0 = Debug|x86
		{FD8CEA2F-7741-426A-934F-4A20465A79F6}.Debug|x86.Deploy.0 = Debug|x86
		{FD8CEA2F-7741-426A-934F-4A20465A79F6}.Release|Any CPU.ActiveCfg = Release|Any CPU
		{FD8CEA2F-7741-426A-934F-4A20465A79F6}.Release|Any CPU.Build.0 = Release|Any CPU
		{FD8CEA2F-7741-426A-934F-4A20465A79F6}.Release|Any CPU.Deploy.0 = Release|Any CPU
		{FD8CEA2F-7741-426A-934F-4A20465A79F6}.Release|ARM.ActiveCfg = Release|ARM
		{FD8CEA2F-7741-426A-934F-4A20465A79F6}.Release|ARM.Build.0 = Release|ARM
		{FD8CEA2F-7741-426A-934F-4A20465A79F6}.Release|ARM.Deploy.0 = Release|ARM
		{FD8CEA2F-7741-426A-934F-4A20465A79F6}.Release|ARM64.ActiveCfg = Release|ARM64
		{FD8CEA2F-7741-426A-934F-4A20465A79F6}.Release|ARM64.Build.0 = Release|ARM64
		{FD8CEA2F-7741-426A-934F-4A20465A79F6}.Release|ARM64.Deploy.0 = Release|ARM64
		{FD8CEA2F-7741-426A-934F-4A20465A79F6}.Release|x64.ActiveCfg = Release|x64
		{FD8CEA2F-7741-426A-934F-4A20465A79F6}.Release|x64.Build.0 = Release|x64
		{FD8CEA2F-7741-426A-934F-4A20465A79F6}.Release|x64.Deploy.0 = Release|x64
		{FD8CEA2F-7741-426A-934F-4A20465A79F6}.Release|x86.ActiveCfg = Release|x86
		{FD8CEA2F-7741-426A-934F-4A20465A79F6}.Release|x86.Build.0 = Release|x86
		{FD8CEA2F-7741-426A-934F-4A20465A79F6}.Release|x86.Deploy.0 = Release|x86
		{C4D62168-8A08-425B-A650-536F6FFF1FE5}.Debug|Any CPU.ActiveCfg = Debug|x64
		{C4D62168-8A08-425B-A650-536F6FFF1FE5}.Debug|Any CPU.Build.0 = Debug|x64
		{C4D62168-8A08-425B-A650-536F6FFF1FE5}.Debug|Any CPU.Deploy.0 = Debug|x64
		{C4D62168-8A08-425B-A650-536F6FFF1FE5}.Debug|ARM.ActiveCfg = Debug|x64
		{C4D62168-8A08-425B-A650-536F6FFF1FE5}.Debug|ARM.Build.0 = Debug|x64
		{C4D62168-8A08-425B-A650-536F6FFF1FE5}.Debug|ARM.Deploy.0 = Debug|x64
		{C4D62168-8A08-425B-A650-536F6FFF1FE5}.Debug|ARM64.ActiveCfg = Debug|ARM64
		{C4D62168-8A08-425B-A650-536F6FFF1FE5}.Debug|ARM64.Build.0 = Debug|ARM64
		{C4D62168-8A08-425B-A650-536F6FFF1FE5}.Debug|ARM64.Deploy.0 = Debug|ARM64
		{C4D62168-8A08-425B-A650-536F6FFF1FE5}.Debug|x64.ActiveCfg = Debug|x64
		{C4D62168-8A08-425B-A650-536F6FFF1FE5}.Debug|x64.Build.0 = Debug|x64
		{C4D62168-8A08-425B-A650-536F6FFF1FE5}.Debug|x64.Deploy.0 = Debug|x64
		{C4D62168-8A08-425B-A650-536F6FFF1FE5}.Debug|x86.ActiveCfg = Debug|x86
		{C4D62168-8A08-425B-A650-536F6FFF1FE5}.Debug|x86.Build.0 = Debug|x86
		{C4D62168-8A08-425B-A650-536F6FFF1FE5}.Debug|x86.Deploy.0 = Debug|x86
		{C4D62168-8A08-425B-A650-536F6FFF1FE5}.Release|Any CPU.ActiveCfg = Release|x64
		{C4D62168-8A08-425B-A650-536F6FFF1FE5}.Release|Any CPU.Build.0 = Release|x64
		{C4D62168-8A08-425B-A650-536F6FFF1FE5}.Release|Any CPU.Deploy.0 = Release|x64
		{C4D62168-8A08-425B-A650-536F6FFF1FE5}.Release|ARM.ActiveCfg = Release|x64
		{C4D62168-8A08-425B-A650-536F6FFF1FE5}.Release|ARM.Build.0 = Release|x64
		{C4D62168-8A08-425B-A650-536F6FFF1FE5}.Release|ARM.Deploy.0 = Release|x64
		{C4D62168-8A08-425B-A650-536F6FFF1FE5}.Release|ARM64.ActiveCfg = Release|ARM64
		{C4D62168-8A08-425B-A650-536F6FFF1FE5}.Release|ARM64.Build.0 = Release|ARM64
		{C4D62168-8A08-425B-A650-536F6FFF1FE5}.Release|ARM64.Deploy.0 = Release|ARM64
		{C4D62168-8A08-425B-A650-536F6FFF1FE5}.Release|x64.ActiveCfg = Release|x64
		{C4D62168-8A08-425B-A650-536F6FFF1FE5}.Release|x64.Build.0 = Release|x64
		{C4D62168-8A08-425B-A650-536F6FFF1FE5}.Release|x64.Deploy.0 = Release|x64
		{C4D62168-8A08-425B-A650-536F6FFF1FE5}.Release|x86.ActiveCfg = Release|x86
		{C4D62168-8A08-425B-A650-536F6FFF1FE5}.Release|x86.Build.0 = Release|x86
		{C4D62168-8A08-425B-A650-536F6FFF1FE5}.Release|x86.Deploy.0 = Release|x86
	EndGlobalSection
	GlobalSection(SolutionProperties) = preSolution
		HideSolutionNode = FALSE
	EndGlobalSection
	GlobalSection(NestedProjects) = preSolution
		{A6A3574C-E120-4387-BF56-EE20C29CE5AB} = {A30F530C-B42B-4C80-B709-775FC1617380}
		{217E4E4A-135F-4D5B-981B-09C7592D0E65} = {A30F530C-B42B-4C80-B709-775FC1617380}
		{8EFCF883-99E1-45B3-9842-1510C1A08BFA} = {A30F530C-B42B-4C80-B709-775FC1617380}
		{ACF8D522-157C-4372-B161-385C6884EB85} = {A30F530C-B42B-4C80-B709-775FC1617380}
		{366AAC9F-04AE-4B26-8636-429FE3D90CA5} = {A30F530C-B42B-4C80-B709-775FC1617380}
	EndGlobalSection
	GlobalSection(ExtensibilityGlobals) = postSolution
		SolutionGuid = {4DA93409-EDF8-4E9B-86C6-4776AA552F2C}
	EndGlobalSection
EndGlobal
